// !$*UTF8*$!
{
	archiveVersion = 1;
	classes = {
	};
	objectVersion = 46;
	objects = {

/* Begin PBXBuildFile section */
		58427C8213AF8C9000F0A012 /* libGLEW.1.6.0.dylib in Frameworks */ = {isa = PBXBuildFile; fileRef = 58427C8113AF8C9000F0A012 /* libGLEW.1.6.0.dylib */; };
		588E32A613D4C59100B9B6F7 /* libmxml.a in Frameworks */ = {isa = PBXBuildFile; fileRef = 588E32A413D4C59100B9B6F7 /* libmxml.a */; };
		588E32A713D4C59100B9B6F7 /* libode.a in Frameworks */ = {isa = PBXBuildFile; fileRef = 588E32A513D4C59100B9B6F7 /* libode.a */; };
		58E2104213AE6901004580E9 /* OpenGL.framework in Frameworks */ = {isa = PBXBuildFile; fileRef = 58E2104113AE6901004580E9 /* OpenGL.framework */; };
		58E2104513AE6932004580E9 /* libSDL-1.2.0.dylib in Frameworks */ = {isa = PBXBuildFile; fileRef = 58E2104413AE6932004580E9 /* libSDL-1.2.0.dylib */; };
		58E2104713AE697E004580E9 /* libfreetype.6.dylib in Frameworks */ = {isa = PBXBuildFile; fileRef = 58E2104613AE697E004580E9 /* libfreetype.6.dylib */; };
		58E2104913AE69B2004580E9 /* libjpeg.8.dylib in Frameworks */ = {isa = PBXBuildFile; fileRef = 58E2104813AE69B2004580E9 /* libjpeg.8.dylib */; };
		58E2104B13AE69CD004580E9 /* libpng14.14.dylib in Frameworks */ = {isa = PBXBuildFile; fileRef = 58E2104A13AE69CD004580E9 /* libpng14.14.dylib */; };
		58E2104D13AE69E2004580E9 /* libz.1.2.5.dylib in Frameworks */ = {isa = PBXBuildFile; fileRef = 58E2104C13AE69E2004580E9 /* libz.1.2.5.dylib */; };
		58E2105013AE69F1004580E9 /* libmxml.a in Frameworks */ = {isa = PBXBuildFile; fileRef = 58E2104E13AE69F1004580E9 /* libmxml.a */; };
		58E2105113AE69F1004580E9 /* libode.a in Frameworks */ = {isa = PBXBuildFile; fileRef = 58E2104F13AE69F1004580E9 /* libode.a */; };
		58E2105513AE6A67004580E9 /* ApplicationServices.framework in Frameworks */ = {isa = PBXBuildFile; fileRef = 58E2105413AE6A67004580E9 /* ApplicationServices.framework */; };
		58E7742313AE64DA00E265AD /* app-data.cpp in Sources */ = {isa = PBXBuildFile; fileRef = 58E773E413AE64D800E265AD /* app-data.cpp */; };
		58E7742413AE64DA00E265AD /* app-event.cpp in Sources */ = {isa = PBXBuildFile; fileRef = 58E773E513AE64D800E265AD /* app-event.cpp */; };
		58E7742513AE64DA00E265AD /* app-file.cpp in Sources */ = {isa = PBXBuildFile; fileRef = 58E773E613AE64D800E265AD /* app-file.cpp */; };
		58E7742613AE64DA00E265AD /* app-font.cpp in Sources */ = {isa = PBXBuildFile; fileRef = 58E773E713AE64D800E265AD /* app-font.cpp */; };
		58E7742713AE64DA00E265AD /* app-frustum.cpp in Sources */ = {isa = PBXBuildFile; fileRef = 58E773E813AE64D800E265AD /* app-frustum.cpp */; };
		58E7742813AE64DA00E265AD /* app-glob.cpp in Sources */ = {isa = PBXBuildFile; fileRef = 58E773E913AE64D800E265AD /* app-glob.cpp */; };
		58E7742913AE64DA00E265AD /* app-host.cpp in Sources */ = {isa = PBXBuildFile; fileRef = 58E773EA13AE64D800E265AD /* app-host.cpp */; };
		58E7742A13AE64DA00E265AD /* app-lang.cpp in Sources */ = {isa = PBXBuildFile; fileRef = 58E773EB13AE64D800E265AD /* app-lang.cpp */; };
		58E7742B13AE64DA00E265AD /* app-perf.cpp in Sources */ = {isa = PBXBuildFile; fileRef = 58E773EC13AE64D800E265AD /* app-perf.cpp */; };
		58E7742C13AE64DA00E265AD /* app-prog.cpp in Sources */ = {isa = PBXBuildFile; fileRef = 58E773ED13AE64D800E265AD /* app-prog.cpp */; };
		58E7742D13AE64DA00E265AD /* app-user.cpp in Sources */ = {isa = PBXBuildFile; fileRef = 58E773EE13AE64D800E265AD /* app-user.cpp */; };
		58E7742E13AE64DA00E265AD /* dev-gamepad.cpp in Sources */ = {isa = PBXBuildFile; fileRef = 58E773EF13AE64D800E265AD /* dev-gamepad.cpp */; };
		58E7742F13AE64DA00E265AD /* dev-hybrid.cpp in Sources */ = {isa = PBXBuildFile; fileRef = 58E773F013AE64D800E265AD /* dev-hybrid.cpp */; };
		58E7743013AE64DA00E265AD /* dev-mouse.cpp in Sources */ = {isa = PBXBuildFile; fileRef = 58E773F113AE64D800E265AD /* dev-mouse.cpp */; };
		58E7743113AE64DA00E265AD /* dev-trackd.cpp in Sources */ = {isa = PBXBuildFile; fileRef = 58E773F213AE64D800E265AD /* dev-trackd.cpp */; };
		58E7743213AE64DA00E265AD /* dpy-anaglyph.cpp in Sources */ = {isa = PBXBuildFile; fileRef = 58E773F313AE64D800E265AD /* dpy-anaglyph.cpp */; };
		58E7743313AE64DA00E265AD /* dpy-channel.cpp in Sources */ = {isa = PBXBuildFile; fileRef = 58E773F413AE64D800E265AD /* dpy-channel.cpp */; };
		58E7743413AE64DA00E265AD /* dpy-direct.cpp in Sources */ = {isa = PBXBuildFile; fileRef = 58E773F513AE64D800E265AD /* dpy-direct.cpp */; };
		58E7743513AE64DA00E265AD /* dpy-display.cpp in Sources */ = {isa = PBXBuildFile; fileRef = 58E773F613AE64D800E265AD /* dpy-display.cpp */; };
		58E7743613AE64DA00E265AD /* dpy-interlace.cpp in Sources */ = {isa = PBXBuildFile; fileRef = 58E773F713AE64D800E265AD /* dpy-interlace.cpp */; };
		58E7743713AE64DA00E265AD /* dpy-lenticular.cpp in Sources */ = {isa = PBXBuildFile; fileRef = 58E773F813AE64D800E265AD /* dpy-lenticular.cpp */; };
		58E7743813AE64DA00E265AD /* dpy-normal.cpp in Sources */ = {isa = PBXBuildFile; fileRef = 58E773F913AE64D800E265AD /* dpy-normal.cpp */; };
		58E7743913AE64DA00E265AD /* etc-dir.cpp in Sources */ = {isa = PBXBuildFile; fileRef = 58E773FA13AE64D800E265AD /* etc-dir.cpp */; };
		58E7743A13AE64DA00E265AD /* etc-math.cpp in Sources */ = {isa = PBXBuildFile; fileRef = 58E773FB13AE64D800E265AD /* etc-math.cpp */; };
		58E7743B13AE64DA00E265AD /* etc-ode.cpp in Sources */ = {isa = PBXBuildFile; fileRef = 58E773FC13AE64D800E265AD /* etc-ode.cpp */; };
		58E7743C13AE64DA00E265AD /* gui-control.cpp in Sources */ = {isa = PBXBuildFile; fileRef = 58E773FD13AE64D800E265AD /* gui-control.cpp */; };
		58E7743D13AE64DA00E265AD /* gui-gui.cpp in Sources */ = {isa = PBXBuildFile; fileRef = 58E773FE13AE64D800E265AD /* gui-gui.cpp */; };
		58E7743E13AE64DA00E265AD /* mode-edit.cpp in Sources */ = {isa = PBXBuildFile; fileRef = 58E773FF13AE64D800E265AD /* mode-edit.cpp */; };
		58E7743F13AE64DA00E265AD /* mode-info.cpp in Sources */ = {isa = PBXBuildFile; fileRef = 58E7740013AE64D800E265AD /* mode-info.cpp */; };
		58E7744013AE64DA00E265AD /* mode-mode.cpp in Sources */ = {isa = PBXBuildFile; fileRef = 58E7740113AE64D800E265AD /* mode-mode.cpp */; };
		58E7744113AE64DA00E265AD /* mode-play.cpp in Sources */ = {isa = PBXBuildFile; fileRef = 58E7740213AE64D800E265AD /* mode-play.cpp */; };
		58E7744213AE64DA00E265AD /* ogl-aabb.cpp in Sources */ = {isa = PBXBuildFile; fileRef = 58E7740313AE64D800E265AD /* ogl-aabb.cpp */; };
		58E7744313AE64DA00E265AD /* ogl-binding.cpp in Sources */ = {isa = PBXBuildFile; fileRef = 58E7740413AE64D800E265AD /* ogl-binding.cpp */; };
		58E7744413AE64DA00E265AD /* ogl-buffer.cpp in Sources */ = {isa = PBXBuildFile; fileRef = 58E7740513AE64D800E265AD /* ogl-buffer.cpp */; };
		58E7744513AE64DA00E265AD /* ogl-cubelut.cpp in Sources */ = {isa = PBXBuildFile; fileRef = 58E7740613AE64D800E265AD /* ogl-cubelut.cpp */; };
		58E7744613AE64DA00E265AD /* ogl-d-omega.cpp in Sources */ = {isa = PBXBuildFile; fileRef = 58E7740713AE64D800E265AD /* ogl-d-omega.cpp */; };
		58E7744713AE64DA00E265AD /* ogl-frame.cpp in Sources */ = {isa = PBXBuildFile; fileRef = 58E7740813AE64D800E265AD /* ogl-frame.cpp */; };
		58E7744813AE64DA00E265AD /* ogl-image.cpp in Sources */ = {isa = PBXBuildFile; fileRef = 58E7740913AE64D800E265AD /* ogl-image.cpp */; };
		58E7744913AE64DA00E265AD /* ogl-irradiance-env.cpp in Sources */ = {isa = PBXBuildFile; fileRef = 58E7740A13AE64D800E265AD /* ogl-irradiance-env.cpp */; };
		58E7744A13AE64DA00E265AD /* ogl-lut.cpp in Sources */ = {isa = PBXBuildFile; fileRef = 58E7740B13AE64D900E265AD /* ogl-lut.cpp */; };
		58E7744B13AE64DA00E265AD /* ogl-mesh.cpp in Sources */ = {isa = PBXBuildFile; fileRef = 58E7740C13AE64D900E265AD /* ogl-mesh.cpp */; };
		58E7744C13AE64DA00E265AD /* ogl-mirror.cpp in Sources */ = {isa = PBXBuildFile; fileRef = 58E7740D13AE64D900E265AD /* ogl-mirror.cpp */; };
		58E7744D13AE64DA00E265AD /* ogl-obj.cpp in Sources */ = {isa = PBXBuildFile; fileRef = 58E7740E13AE64D900E265AD /* ogl-obj.cpp */; };
		58E7744E13AE64DA00E265AD /* ogl-opengl.cpp in Sources */ = {isa = PBXBuildFile; fileRef = 58E7740F13AE64D900E265AD /* ogl-opengl.cpp */; };
		58E7744F13AE64DA00E265AD /* ogl-pool.cpp in Sources */ = {isa = PBXBuildFile; fileRef = 58E7741013AE64D900E265AD /* ogl-pool.cpp */; };
		58E7745013AE64DA00E265AD /* ogl-process.cpp in Sources */ = {isa = PBXBuildFile; fileRef = 58E7741113AE64D900E265AD /* ogl-process.cpp */; };
		58E7745113AE64DA00E265AD /* ogl-program.cpp in Sources */ = {isa = PBXBuildFile; fileRef = 58E7741213AE64D900E265AD /* ogl-program.cpp */; };
		58E7745213AE64DA00E265AD /* ogl-range.cpp in Sources */ = {isa = PBXBuildFile; fileRef = 58E7741313AE64D900E265AD /* ogl-range.cpp */; };
		58E7745313AE64DA00E265AD /* ogl-reflection-env.cpp in Sources */ = {isa = PBXBuildFile; fileRef = 58E7741413AE64D900E265AD /* ogl-reflection-env.cpp */; };
		58E7745413AE64DA00E265AD /* ogl-sh-basis.cpp in Sources */ = {isa = PBXBuildFile; fileRef = 58E7741513AE64D900E265AD /* ogl-sh-basis.cpp */; };
		58E7745513AE64DA00E265AD /* ogl-shadow.cpp in Sources */ = {isa = PBXBuildFile; fileRef = 58E7741613AE64D900E265AD /* ogl-shadow.cpp */; };
		58E7745613AE64DA00E265AD /* ogl-sprite.cpp in Sources */ = {isa = PBXBuildFile; fileRef = 58E7741713AE64D900E265AD /* ogl-sprite.cpp */; };
		58E7745713AE64DA00E265AD /* ogl-surface.cpp in Sources */ = {isa = PBXBuildFile; fileRef = 58E7741813AE64D900E265AD /* ogl-surface.cpp */; };
		58E7745813AE64DA00E265AD /* ogl-terrain.cpp in Sources */ = {isa = PBXBuildFile; fileRef = 58E7741913AE64D900E265AD /* ogl-terrain.cpp */; };
		58E7745913AE64DA00E265AD /* ogl-texture.cpp in Sources */ = {isa = PBXBuildFile; fileRef = 58E7741A13AE64D900E265AD /* ogl-texture.cpp */; };
		58E7745A13AE64DA00E265AD /* ogl-uniform.cpp in Sources */ = {isa = PBXBuildFile; fileRef = 58E7741B13AE64D900E265AD /* ogl-uniform.cpp */; };
		58E7745B13AE64DA00E265AD /* wrl-atom.cpp in Sources */ = {isa = PBXBuildFile; fileRef = 58E7741C13AE64D900E265AD /* wrl-atom.cpp */; };
		58E7745C13AE64DA00E265AD /* wrl-constraint.cpp in Sources */ = {isa = PBXBuildFile; fileRef = 58E7741D13AE64D900E265AD /* wrl-constraint.cpp */; };
		58E7745D13AE64DA00E265AD /* wrl-joint.cpp in Sources */ = {isa = PBXBuildFile; fileRef = 58E7741E13AE64D900E265AD /* wrl-joint.cpp */; };
		58E7745E13AE64DA00E265AD /* wrl-operation.cpp in Sources */ = {isa = PBXBuildFile; fileRef = 58E7741F13AE64D900E265AD /* wrl-operation.cpp */; };
		58E7745F13AE64DA00E265AD /* wrl-param.cpp in Sources */ = {isa = PBXBuildFile; fileRef = 58E7742013AE64D900E265AD /* wrl-param.cpp */; };
		58E7746013AE64DA00E265AD /* wrl-solid.cpp in Sources */ = {isa = PBXBuildFile; fileRef = 58E7742113AE64DA00E265AD /* wrl-solid.cpp */; };
		58E7746113AE64DA00E265AD /* wrl-world.cpp in Sources */ = {isa = PBXBuildFile; fileRef = 58E7742213AE64DA00E265AD /* wrl-world.cpp */; };
		58E774A813AE650500E265AD /* app-conf.hpp in Headers */ = {isa = PBXBuildFile; fileRef = 58E7746313AE650300E265AD /* app-conf.hpp */; settings = {ATTRIBUTES = (Public, ); }; };
		58E774A913AE650500E265AD /* app-data.hpp in Headers */ = {isa = PBXBuildFile; fileRef = 58E7746413AE650300E265AD /* app-data.hpp */; settings = {ATTRIBUTES = (Public, ); }; };
		58E774AA13AE650500E265AD /* app-default.hpp in Headers */ = {isa = PBXBuildFile; fileRef = 58E7746513AE650300E265AD /* app-default.hpp */; settings = {ATTRIBUTES = (Public, ); }; };
		58E774AB13AE650500E265AD /* app-event.hpp in Headers */ = {isa = PBXBuildFile; fileRef = 58E7746613AE650300E265AD /* app-event.hpp */; settings = {ATTRIBUTES = (Public, ); }; };
		58E774AC13AE650500E265AD /* app-file.hpp in Headers */ = {isa = PBXBuildFile; fileRef = 58E7746713AE650300E265AD /* app-file.hpp */; settings = {ATTRIBUTES = (Public, ); }; };
		58E774AD13AE650500E265AD /* app-font.hpp in Headers */ = {isa = PBXBuildFile; fileRef = 58E7746813AE650300E265AD /* app-font.hpp */; settings = {ATTRIBUTES = (Public, ); }; };
		58E774AE13AE650500E265AD /* app-frustum.hpp in Headers */ = {isa = PBXBuildFile; fileRef = 58E7746913AE650300E265AD /* app-frustum.hpp */; settings = {ATTRIBUTES = (Public, ); }; };
		58E774AF13AE650500E265AD /* app-glob.hpp in Headers */ = {isa = PBXBuildFile; fileRef = 58E7746A13AE650300E265AD /* app-glob.hpp */; settings = {ATTRIBUTES = (Public, ); }; };
		58E774B013AE650500E265AD /* app-host.hpp in Headers */ = {isa = PBXBuildFile; fileRef = 58E7746B13AE650300E265AD /* app-host.hpp */; settings = {ATTRIBUTES = (Public, ); }; };
		58E774B113AE650500E265AD /* app-lang.hpp in Headers */ = {isa = PBXBuildFile; fileRef = 58E7746C13AE650300E265AD /* app-lang.hpp */; settings = {ATTRIBUTES = (Public, ); }; };
		58E774B213AE650500E265AD /* app-perf.hpp in Headers */ = {isa = PBXBuildFile; fileRef = 58E7746D13AE650400E265AD /* app-perf.hpp */; settings = {ATTRIBUTES = (Public, ); }; };
		58E774B313AE650500E265AD /* app-prog.hpp in Headers */ = {isa = PBXBuildFile; fileRef = 58E7746E13AE650400E265AD /* app-prog.hpp */; settings = {ATTRIBUTES = (Public, ); }; };
		58E774B413AE650500E265AD /* app-user.hpp in Headers */ = {isa = PBXBuildFile; fileRef = 58E7746F13AE650400E265AD /* app-user.hpp */; settings = {ATTRIBUTES = (Public, ); }; };
		58E774B513AE650500E265AD /* dev-gamepad.hpp in Headers */ = {isa = PBXBuildFile; fileRef = 58E7747013AE650400E265AD /* dev-gamepad.hpp */; settings = {ATTRIBUTES = (Public, ); }; };
		58E774B613AE650500E265AD /* dev-hybrid.hpp in Headers */ = {isa = PBXBuildFile; fileRef = 58E7747113AE650400E265AD /* dev-hybrid.hpp */; settings = {ATTRIBUTES = (Public, ); }; };
		58E774B713AE650500E265AD /* dev-input.hpp in Headers */ = {isa = PBXBuildFile; fileRef = 58E7747213AE650400E265AD /* dev-input.hpp */; settings = {ATTRIBUTES = (Public, ); }; };
		58E774B813AE650500E265AD /* dev-mouse.hpp in Headers */ = {isa = PBXBuildFile; fileRef = 58E7747313AE650400E265AD /* dev-mouse.hpp */; settings = {ATTRIBUTES = (Public, ); }; };
		58E774B913AE650500E265AD /* dev-trackd.hpp in Headers */ = {isa = PBXBuildFile; fileRef = 58E7747413AE650400E265AD /* dev-trackd.hpp */; settings = {ATTRIBUTES = (Public, ); }; };
		58E774BA13AE650500E265AD /* dpy-anaglyph.hpp in Headers */ = {isa = PBXBuildFile; fileRef = 58E7747513AE650400E265AD /* dpy-anaglyph.hpp */; settings = {ATTRIBUTES = (Public, ); }; };
		58E774BB13AE650500E265AD /* dpy-channel.hpp in Headers */ = {isa = PBXBuildFile; fileRef = 58E7747613AE650400E265AD /* dpy-channel.hpp */; settings = {ATTRIBUTES = (Public, ); }; };
		58E774BC13AE650500E265AD /* dpy-direct.hpp in Headers */ = {isa = PBXBuildFile; fileRef = 58E7747713AE650400E265AD /* dpy-direct.hpp */; settings = {ATTRIBUTES = (Public, ); }; };
		58E774BD13AE650500E265AD /* dpy-display.hpp in Headers */ = {isa = PBXBuildFile; fileRef = 58E7747813AE650400E265AD /* dpy-display.hpp */; settings = {ATTRIBUTES = (Public, ); }; };
		58E774BE13AE650500E265AD /* dpy-interlace.hpp in Headers */ = {isa = PBXBuildFile; fileRef = 58E7747913AE650400E265AD /* dpy-interlace.hpp */; settings = {ATTRIBUTES = (Public, ); }; };
		58E774BF13AE650500E265AD /* dpy-lenticular.hpp in Headers */ = {isa = PBXBuildFile; fileRef = 58E7747A13AE650400E265AD /* dpy-lenticular.hpp */; settings = {ATTRIBUTES = (Public, ); }; };
		58E774C013AE650500E265AD /* dpy-normal.hpp in Headers */ = {isa = PBXBuildFile; fileRef = 58E7747B13AE650400E265AD /* dpy-normal.hpp */; settings = {ATTRIBUTES = (Public, ); }; };
		58E774C113AE650500E265AD /* etc-dir.hpp in Headers */ = {isa = PBXBuildFile; fileRef = 58E7747C13AE650400E265AD /* etc-dir.hpp */; settings = {ATTRIBUTES = (Public, ); }; };
		58E774C213AE650500E265AD /* etc-math.hpp in Headers */ = {isa = PBXBuildFile; fileRef = 58E7747D13AE650400E265AD /* etc-math.hpp */; settings = {ATTRIBUTES = (Public, ); }; };
		58E774C313AE650500E265AD /* etc-ode.hpp in Headers */ = {isa = PBXBuildFile; fileRef = 58E7747E13AE650400E265AD /* etc-ode.hpp */; settings = {ATTRIBUTES = (Public, ); }; };
		58E774C413AE650500E265AD /* etc-rect.hpp in Headers */ = {isa = PBXBuildFile; fileRef = 58E7747F13AE650400E265AD /* etc-rect.hpp */; settings = {ATTRIBUTES = (Public, ); }; };
		58E774C513AE650500E265AD /* etc-socket.hpp in Headers */ = {isa = PBXBuildFile; fileRef = 58E7748013AE650400E265AD /* etc-socket.hpp */; settings = {ATTRIBUTES = (Public, ); }; };
		58E774C613AE650500E265AD /* gui-control.hpp in Headers */ = {isa = PBXBuildFile; fileRef = 58E7748113AE650400E265AD /* gui-control.hpp */; settings = {ATTRIBUTES = (Public, ); }; };
		58E774C713AE650500E265AD /* gui-gui.hpp in Headers */ = {isa = PBXBuildFile; fileRef = 58E7748213AE650400E265AD /* gui-gui.hpp */; settings = {ATTRIBUTES = (Public, ); }; };
		58E774C813AE650500E265AD /* mode-edit.hpp in Headers */ = {isa = PBXBuildFile; fileRef = 58E7748313AE650400E265AD /* mode-edit.hpp */; settings = {ATTRIBUTES = (Public, ); }; };
		58E774C913AE650500E265AD /* mode-info.hpp in Headers */ = {isa = PBXBuildFile; fileRef = 58E7748413AE650400E265AD /* mode-info.hpp */; settings = {ATTRIBUTES = (Public, ); }; };
		58E774CA13AE650500E265AD /* mode-mode.hpp in Headers */ = {isa = PBXBuildFile; fileRef = 58E7748513AE650400E265AD /* mode-mode.hpp */; settings = {ATTRIBUTES = (Public, ); }; };
		58E774CB13AE650500E265AD /* mode-play.hpp in Headers */ = {isa = PBXBuildFile; fileRef = 58E7748613AE650400E265AD /* mode-play.hpp */; settings = {ATTRIBUTES = (Public, ); }; };
		58E774CC13AE650500E265AD /* ogl-aabb.hpp in Headers */ = {isa = PBXBuildFile; fileRef = 58E7748713AE650400E265AD /* ogl-aabb.hpp */; settings = {ATTRIBUTES = (Public, ); }; };
		58E774CD13AE650500E265AD /* ogl-binding.hpp in Headers */ = {isa = PBXBuildFile; fileRef = 58E7748813AE650400E265AD /* ogl-binding.hpp */; settings = {ATTRIBUTES = (Public, ); }; };
		58E774CE13AE650500E265AD /* ogl-buffer.hpp in Headers */ = {isa = PBXBuildFile; fileRef = 58E7748913AE650400E265AD /* ogl-buffer.hpp */; settings = {ATTRIBUTES = (Public, ); }; };
		58E774CF13AE650500E265AD /* ogl-cubelut.hpp in Headers */ = {isa = PBXBuildFile; fileRef = 58E7748A13AE650400E265AD /* ogl-cubelut.hpp */; settings = {ATTRIBUTES = (Public, ); }; };
		58E774D013AE650500E265AD /* ogl-d-omega.hpp in Headers */ = {isa = PBXBuildFile; fileRef = 58E7748B13AE650400E265AD /* ogl-d-omega.hpp */; settings = {ATTRIBUTES = (Public, ); }; };
		58E774D113AE650500E265AD /* ogl-frame.hpp in Headers */ = {isa = PBXBuildFile; fileRef = 58E7748C13AE650400E265AD /* ogl-frame.hpp */; settings = {ATTRIBUTES = (Public, ); }; };
		58E774D213AE650500E265AD /* ogl-image.hpp in Headers */ = {isa = PBXBuildFile; fileRef = 58E7748D13AE650400E265AD /* ogl-image.hpp */; settings = {ATTRIBUTES = (Public, ); }; };
		58E774D313AE650500E265AD /* ogl-irradiance-env.hpp in Headers */ = {isa = PBXBuildFile; fileRef = 58E7748E13AE650400E265AD /* ogl-irradiance-env.hpp */; settings = {ATTRIBUTES = (Public, ); }; };
		58E774D413AE650500E265AD /* ogl-lut.hpp in Headers */ = {isa = PBXBuildFile; fileRef = 58E7748F13AE650400E265AD /* ogl-lut.hpp */; settings = {ATTRIBUTES = (Public, ); }; };
		58E774D513AE650500E265AD /* ogl-mesh.hpp in Headers */ = {isa = PBXBuildFile; fileRef = 58E7749013AE650400E265AD /* ogl-mesh.hpp */; settings = {ATTRIBUTES = (Public, ); }; };
		58E774D613AE650500E265AD /* ogl-mirror.hpp in Headers */ = {isa = PBXBuildFile; fileRef = 58E7749113AE650400E265AD /* ogl-mirror.hpp */; settings = {ATTRIBUTES = (Public, ); }; };
		58E774D713AE650500E265AD /* ogl-obj.hpp in Headers */ = {isa = PBXBuildFile; fileRef = 58E7749213AE650400E265AD /* ogl-obj.hpp */; settings = {ATTRIBUTES = (Public, ); }; };
		58E774D813AE650500E265AD /* ogl-opengl.hpp in Headers */ = {isa = PBXBuildFile; fileRef = 58E7749313AE650400E265AD /* ogl-opengl.hpp */; settings = {ATTRIBUTES = (Public, ); }; };
		58E774D913AE650500E265AD /* ogl-pool.hpp in Headers */ = {isa = PBXBuildFile; fileRef = 58E7749413AE650400E265AD /* ogl-pool.hpp */; settings = {ATTRIBUTES = (Public, ); }; };
		58E774DA13AE650500E265AD /* ogl-process.hpp in Headers */ = {isa = PBXBuildFile; fileRef = 58E7749513AE650400E265AD /* ogl-process.hpp */; settings = {ATTRIBUTES = (Public, ); }; };
		58E774DB13AE650500E265AD /* ogl-program.hpp in Headers */ = {isa = PBXBuildFile; fileRef = 58E7749613AE650400E265AD /* ogl-program.hpp */; settings = {ATTRIBUTES = (Public, ); }; };
		58E774DC13AE650500E265AD /* ogl-range.hpp in Headers */ = {isa = PBXBuildFile; fileRef = 58E7749713AE650500E265AD /* ogl-range.hpp */; settings = {ATTRIBUTES = (Public, ); }; };
		58E774DD13AE650500E265AD /* ogl-reflection-env.hpp in Headers */ = {isa = PBXBuildFile; fileRef = 58E7749813AE650500E265AD /* ogl-reflection-env.hpp */; settings = {ATTRIBUTES = (Public, ); }; };
		58E774DE13AE650500E265AD /* ogl-sh-basis.hpp in Headers */ = {isa = PBXBuildFile; fileRef = 58E7749913AE650500E265AD /* ogl-sh-basis.hpp */; settings = {ATTRIBUTES = (Public, ); }; };
		58E774DF13AE650500E265AD /* ogl-shadow.hpp in Headers */ = {isa = PBXBuildFile; fileRef = 58E7749A13AE650500E265AD /* ogl-shadow.hpp */; settings = {ATTRIBUTES = (Public, ); }; };
		58E774E013AE650500E265AD /* ogl-sprite.hpp in Headers */ = {isa = PBXBuildFile; fileRef = 58E7749B13AE650500E265AD /* ogl-sprite.hpp */; settings = {ATTRIBUTES = (Public, ); }; };
		58E774E113AE650500E265AD /* ogl-surface.hpp in Headers */ = {isa = PBXBuildFile; fileRef = 58E7749C13AE650500E265AD /* ogl-surface.hpp */; settings = {ATTRIBUTES = (Public, ); }; };
		58E774E213AE650500E265AD /* ogl-terrain.hpp in Headers */ = {isa = PBXBuildFile; fileRef = 58E7749D13AE650500E265AD /* ogl-terrain.hpp */; settings = {ATTRIBUTES = (Public, ); }; };
		58E774E313AE650500E265AD /* ogl-texture.hpp in Headers */ = {isa = PBXBuildFile; fileRef = 58E7749E13AE650500E265AD /* ogl-texture.hpp */; settings = {ATTRIBUTES = (Public, ); }; };
		58E774E413AE650500E265AD /* ogl-uniform.hpp in Headers */ = {isa = PBXBuildFile; fileRef = 58E7749F13AE650500E265AD /* ogl-uniform.hpp */; settings = {ATTRIBUTES = (Public, ); }; };
		58E774E513AE650500E265AD /* thumb.hpp in Headers */ = {isa = PBXBuildFile; fileRef = 58E774A013AE650500E265AD /* thumb.hpp */; settings = {ATTRIBUTES = (Public, ); }; };
		58E774E613AE650500E265AD /* wrl-atom.hpp in Headers */ = {isa = PBXBuildFile; fileRef = 58E774A113AE650500E265AD /* wrl-atom.hpp */; settings = {ATTRIBUTES = (Public, ); }; };
		58E774E713AE650500E265AD /* wrl-constraint.hpp in Headers */ = {isa = PBXBuildFile; fileRef = 58E774A213AE650500E265AD /* wrl-constraint.hpp */; settings = {ATTRIBUTES = (Public, ); }; };
		58E774E813AE650500E265AD /* wrl-joint.hpp in Headers */ = {isa = PBXBuildFile; fileRef = 58E774A313AE650500E265AD /* wrl-joint.hpp */; settings = {ATTRIBUTES = (Public, ); }; };
		58E774E913AE650500E265AD /* wrl-operation.hpp in Headers */ = {isa = PBXBuildFile; fileRef = 58E774A413AE650500E265AD /* wrl-operation.hpp */; settings = {ATTRIBUTES = (Public, ); }; };
		58E774EA13AE650500E265AD /* wrl-param.hpp in Headers */ = {isa = PBXBuildFile; fileRef = 58E774A513AE650500E265AD /* wrl-param.hpp */; settings = {ATTRIBUTES = (Public, ); }; };
		58E774EB13AE650500E265AD /* wrl-solid.hpp in Headers */ = {isa = PBXBuildFile; fileRef = 58E774A613AE650500E265AD /* wrl-solid.hpp */; settings = {ATTRIBUTES = (Public, ); }; };
		58E774EC13AE650500E265AD /* wrl-world.hpp in Headers */ = {isa = PBXBuildFile; fileRef = 58E774A713AE650500E265AD /* wrl-world.hpp */; settings = {ATTRIBUTES = (Public, ); }; };
/* End PBXBuildFile section */

/* Begin PBXFileReference section */
		580BA34E13C7A23000C77076 /* common.xml */ = {isa = PBXFileReference; fileEncoding = 4; lastKnownFileType = text.xml; name = common.xml; path = ../../data/host/common.xml; sourceTree = "<group>"; };
		58427C8113AF8C9000F0A012 /* libGLEW.1.6.0.dylib */ = {isa = PBXFileReference; lastKnownFileType = "compiled.mach-o.dylib"; name = libGLEW.1.6.0.dylib; path = /opt/local/lib/libGLEW.1.6.0.dylib; sourceTree = "<absolute>"; };
		588E32A413D4C59100B9B6F7 /* libmxml.a */ = {isa = PBXFileReference; lastKnownFileType = archive.ar; name = libmxml.a; path = ../../../../../../usr/local/lib/libmxml.a; sourceTree = "<group>"; };
		588E32A513D4C59100B9B6F7 /* libode.a */ = {isa = PBXFileReference; lastKnownFileType = archive.ar; name = libode.a; path = ../../../../../../usr/local/lib/libode.a; sourceTree = "<group>"; };
		58E2104113AE6901004580E9 /* OpenGL.framework */ = {isa = PBXFileReference; lastKnownFileType = wrapper.framework; name = OpenGL.framework; path = System/Library/Frameworks/OpenGL.framework; sourceTree = SDKROOT; };
		58E2104413AE6932004580E9 /* libSDL-1.2.0.dylib */ = {isa = PBXFileReference; lastKnownFileType = "compiled.mach-o.dylib"; name = "libSDL-1.2.0.dylib"; path = "/opt/local/lib/libSDL-1.2.0.dylib"; sourceTree = "<absolute>"; };
		58E2104613AE697E004580E9 /* libfreetype.6.dylib */ = {isa = PBXFileReference; lastKnownFileType = "compiled.mach-o.dylib"; name = libfreetype.6.dylib; path = /opt/local/lib/libfreetype.6.dylib; sourceTree = "<absolute>"; };
		58E2104813AE69B2004580E9 /* libjpeg.8.dylib */ = {isa = PBXFileReference; lastKnownFileType = "compiled.mach-o.dylib"; name = libjpeg.8.dylib; path = /opt/local/lib/libjpeg.8.dylib; sourceTree = "<absolute>"; };
		58E2104A13AE69CD004580E9 /* libpng14.14.dylib */ = {isa = PBXFileReference; lastKnownFileType = "compiled.mach-o.dylib"; name = libpng14.14.dylib; path = /opt/local/lib/libpng14.14.dylib; sourceTree = "<absolute>"; };
		58E2104C13AE69E2004580E9 /* libz.1.2.5.dylib */ = {isa = PBXFileReference; lastKnownFileType = "compiled.mach-o.dylib"; name = libz.1.2.5.dylib; path = /opt/local/lib/libz.1.2.5.dylib; sourceTree = "<absolute>"; };
		58E2104E13AE69F1004580E9 /* libmxml.a */ = {isa = PBXFileReference; lastKnownFileType = archive.ar; name = libmxml.a; path = ../../../../lib/libmxml.a; sourceTree = "<group>"; };
		58E2104F13AE69F1004580E9 /* libode.a */ = {isa = PBXFileReference; lastKnownFileType = archive.ar; name = libode.a; path = ../../../../lib/libode.a; sourceTree = "<group>"; };
		58E2105413AE6A67004580E9 /* ApplicationServices.framework */ = {isa = PBXFileReference; lastKnownFileType = wrapper.framework; name = ApplicationServices.framework; path = System/Library/Frameworks/ApplicationServices.framework; sourceTree = SDKROOT; };
		58E210AD13AE7565004580E9 /* conf.xml */ = {isa = PBXFileReference; fileEncoding = 4; lastKnownFileType = text.xml; name = conf.xml; path = ../../data/conf.xml; sourceTree = "<group>"; };
		58E773D313AE637A00E265AD /* thumb.dylib */ = {isa = PBXFileReference; explicitFileType = "compiled.mach-o.dylib"; includeInIndex = 0; path = thumb.dylib; sourceTree = BUILT_PRODUCTS_DIR; };
		58E773D813AE637A00E265AD /* thumbProj.xcconfig */ = {isa = PBXFileReference; lastKnownFileType = text.xcconfig; path = thumbProj.xcconfig; sourceTree = "<group>"; };
		58E773D913AE637A00E265AD /* thumbTarget.xcconfig */ = {isa = PBXFileReference; lastKnownFileType = text.xcconfig; path = thumbTarget.xcconfig; sourceTree = "<group>"; };
		58E773E413AE64D800E265AD /* app-data.cpp */ = {isa = PBXFileReference; fileEncoding = 4; lastKnownFileType = sourcecode.cpp.cpp; name = "app-data.cpp"; path = "../../../src/app-data.cpp"; sourceTree = "<group>"; };
		58E773E513AE64D800E265AD /* app-event.cpp */ = {isa = PBXFileReference; fileEncoding = 4; lastKnownFileType = sourcecode.cpp.cpp; name = "app-event.cpp"; path = "../../../src/app-event.cpp"; sourceTree = "<group>"; };
		58E773E613AE64D800E265AD /* app-file.cpp */ = {isa = PBXFileReference; fileEncoding = 4; lastKnownFileType = sourcecode.cpp.cpp; name = "app-file.cpp"; path = "../../../src/app-file.cpp"; sourceTree = "<group>"; };
		58E773E713AE64D800E265AD /* app-font.cpp */ = {isa = PBXFileReference; fileEncoding = 4; lastKnownFileType = sourcecode.cpp.cpp; name = "app-font.cpp"; path = "../../../src/app-font.cpp"; sourceTree = "<group>"; };
		58E773E813AE64D800E265AD /* app-frustum.cpp */ = {isa = PBXFileReference; fileEncoding = 4; lastKnownFileType = sourcecode.cpp.cpp; name = "app-frustum.cpp"; path = "../../../src/app-frustum.cpp"; sourceTree = "<group>"; };
		58E773E913AE64D800E265AD /* app-glob.cpp */ = {isa = PBXFileReference; fileEncoding = 4; lastKnownFileType = sourcecode.cpp.cpp; name = "app-glob.cpp"; path = "../../../src/app-glob.cpp"; sourceTree = "<group>"; };
		58E773EA13AE64D800E265AD /* app-host.cpp */ = {isa = PBXFileReference; fileEncoding = 4; lastKnownFileType = sourcecode.cpp.cpp; name = "app-host.cpp"; path = "../../../src/app-host.cpp"; sourceTree = "<group>"; };
		58E773EB13AE64D800E265AD /* app-lang.cpp */ = {isa = PBXFileReference; fileEncoding = 4; lastKnownFileType = sourcecode.cpp.cpp; name = "app-lang.cpp"; path = "../../../src/app-lang.cpp"; sourceTree = "<group>"; };
		58E773EC13AE64D800E265AD /* app-perf.cpp */ = {isa = PBXFileReference; fileEncoding = 4; lastKnownFileType = sourcecode.cpp.cpp; name = "app-perf.cpp"; path = "../../../src/app-perf.cpp"; sourceTree = "<group>"; };
		58E773ED13AE64D800E265AD /* app-prog.cpp */ = {isa = PBXFileReference; fileEncoding = 4; lastKnownFileType = sourcecode.cpp.cpp; name = "app-prog.cpp"; path = "../../../src/app-prog.cpp"; sourceTree = "<group>"; };
		58E773EE13AE64D800E265AD /* app-user.cpp */ = {isa = PBXFileReference; fileEncoding = 4; lastKnownFileType = sourcecode.cpp.cpp; name = "app-user.cpp"; path = "../../../src/app-user.cpp"; sourceTree = "<group>"; };
		58E773EF13AE64D800E265AD /* dev-gamepad.cpp */ = {isa = PBXFileReference; fileEncoding = 4; lastKnownFileType = sourcecode.cpp.cpp; name = "dev-gamepad.cpp"; path = "../../../src/dev-gamepad.cpp"; sourceTree = "<group>"; };
		58E773F013AE64D800E265AD /* dev-hybrid.cpp */ = {isa = PBXFileReference; fileEncoding = 4; lastKnownFileType = sourcecode.cpp.cpp; name = "dev-hybrid.cpp"; path = "../../../src/dev-hybrid.cpp"; sourceTree = "<group>"; };
		58E773F113AE64D800E265AD /* dev-mouse.cpp */ = {isa = PBXFileReference; fileEncoding = 4; lastKnownFileType = sourcecode.cpp.cpp; name = "dev-mouse.cpp"; path = "../../../src/dev-mouse.cpp"; sourceTree = "<group>"; };
		58E773F213AE64D800E265AD /* dev-trackd.cpp */ = {isa = PBXFileReference; fileEncoding = 4; lastKnownFileType = sourcecode.cpp.cpp; name = "dev-trackd.cpp"; path = "../../../src/dev-trackd.cpp"; sourceTree = "<group>"; };
		58E773F313AE64D800E265AD /* dpy-anaglyph.cpp */ = {isa = PBXFileReference; fileEncoding = 4; lastKnownFileType = sourcecode.cpp.cpp; name = "dpy-anaglyph.cpp"; path = "../../../src/dpy-anaglyph.cpp"; sourceTree = "<group>"; };
		58E773F413AE64D800E265AD /* dpy-channel.cpp */ = {isa = PBXFileReference; fileEncoding = 4; lastKnownFileType = sourcecode.cpp.cpp; name = "dpy-channel.cpp"; path = "../../../src/dpy-channel.cpp"; sourceTree = "<group>"; };
		58E773F513AE64D800E265AD /* dpy-direct.cpp */ = {isa = PBXFileReference; fileEncoding = 4; lastKnownFileType = sourcecode.cpp.cpp; name = "dpy-direct.cpp"; path = "../../../src/dpy-direct.cpp"; sourceTree = "<group>"; };
		58E773F613AE64D800E265AD /* dpy-display.cpp */ = {isa = PBXFileReference; fileEncoding = 4; lastKnownFileType = sourcecode.cpp.cpp; name = "dpy-display.cpp"; path = "../../../src/dpy-display.cpp"; sourceTree = "<group>"; };
		58E773F713AE64D800E265AD /* dpy-interlace.cpp */ = {isa = PBXFileReference; fileEncoding = 4; lastKnownFileType = sourcecode.cpp.cpp; name = "dpy-interlace.cpp"; path = "../../../src/dpy-interlace.cpp"; sourceTree = "<group>"; };
		58E773F813AE64D800E265AD /* dpy-lenticular.cpp */ = {isa = PBXFileReference; fileEncoding = 4; lastKnownFileType = sourcecode.cpp.cpp; name = "dpy-lenticular.cpp"; path = "../../../src/dpy-lenticular.cpp"; sourceTree = "<group>"; };
		58E773F913AE64D800E265AD /* dpy-normal.cpp */ = {isa = PBXFileReference; fileEncoding = 4; lastKnownFileType = sourcecode.cpp.cpp; name = "dpy-normal.cpp"; path = "../../../src/dpy-normal.cpp"; sourceTree = "<group>"; };
		58E773FA13AE64D800E265AD /* etc-dir.cpp */ = {isa = PBXFileReference; fileEncoding = 4; lastKnownFileType = sourcecode.cpp.cpp; name = "etc-dir.cpp"; path = "../../../src/etc-dir.cpp"; sourceTree = "<group>"; };
		58E773FB13AE64D800E265AD /* etc-math.cpp */ = {isa = PBXFileReference; fileEncoding = 4; lastKnownFileType = sourcecode.cpp.cpp; name = "etc-math.cpp"; path = "../../../src/etc-math.cpp"; sourceTree = "<group>"; };
		58E773FC13AE64D800E265AD /* etc-ode.cpp */ = {isa = PBXFileReference; fileEncoding = 4; lastKnownFileType = sourcecode.cpp.cpp; name = "etc-ode.cpp"; path = "../../../src/etc-ode.cpp"; sourceTree = "<group>"; };
		58E773FD13AE64D800E265AD /* gui-control.cpp */ = {isa = PBXFileReference; fileEncoding = 4; lastKnownFileType = sourcecode.cpp.cpp; name = "gui-control.cpp"; path = "../../../src/gui-control.cpp"; sourceTree = "<group>"; };
		58E773FE13AE64D800E265AD /* gui-gui.cpp */ = {isa = PBXFileReference; fileEncoding = 4; lastKnownFileType = sourcecode.cpp.cpp; name = "gui-gui.cpp"; path = "../../../src/gui-gui.cpp"; sourceTree = "<group>"; };
		58E773FF13AE64D800E265AD /* mode-edit.cpp */ = {isa = PBXFileReference; fileEncoding = 4; lastKnownFileType = sourcecode.cpp.cpp; name = "mode-edit.cpp"; path = "../../../src/mode-edit.cpp"; sourceTree = "<group>"; };
		58E7740013AE64D800E265AD /* mode-info.cpp */ = {isa = PBXFileReference; fileEncoding = 4; lastKnownFileType = sourcecode.cpp.cpp; name = "mode-info.cpp"; path = "../../../src/mode-info.cpp"; sourceTree = "<group>"; };
		58E7740113AE64D800E265AD /* mode-mode.cpp */ = {isa = PBXFileReference; fileEncoding = 4; lastKnownFileType = sourcecode.cpp.cpp; name = "mode-mode.cpp"; path = "../../../src/mode-mode.cpp"; sourceTree = "<group>"; };
		58E7740213AE64D800E265AD /* mode-play.cpp */ = {isa = PBXFileReference; fileEncoding = 4; lastKnownFileType = sourcecode.cpp.cpp; name = "mode-play.cpp"; path = "../../../src/mode-play.cpp"; sourceTree = "<group>"; };
		58E7740313AE64D800E265AD /* ogl-aabb.cpp */ = {isa = PBXFileReference; fileEncoding = 4; lastKnownFileType = sourcecode.cpp.cpp; name = "ogl-aabb.cpp"; path = "../../../src/ogl-aabb.cpp"; sourceTree = "<group>"; };
		58E7740413AE64D800E265AD /* ogl-binding.cpp */ = {isa = PBXFileReference; fileEncoding = 4; lastKnownFileType = sourcecode.cpp.cpp; name = "ogl-binding.cpp"; path = "../../../src/ogl-binding.cpp"; sourceTree = "<group>"; };
		58E7740513AE64D800E265AD /* ogl-buffer.cpp */ = {isa = PBXFileReference; fileEncoding = 4; lastKnownFileType = sourcecode.cpp.cpp; name = "ogl-buffer.cpp"; path = "../../../src/ogl-buffer.cpp"; sourceTree = "<group>"; };
		58E7740613AE64D800E265AD /* ogl-cubelut.cpp */ = {isa = PBXFileReference; fileEncoding = 4; lastKnownFileType = sourcecode.cpp.cpp; name = "ogl-cubelut.cpp"; path = "../../../src/ogl-cubelut.cpp"; sourceTree = "<group>"; };
		58E7740713AE64D800E265AD /* ogl-d-omega.cpp */ = {isa = PBXFileReference; fileEncoding = 4; lastKnownFileType = sourcecode.cpp.cpp; name = "ogl-d-omega.cpp"; path = "../../../src/ogl-d-omega.cpp"; sourceTree = "<group>"; };
		58E7740813AE64D800E265AD /* ogl-frame.cpp */ = {isa = PBXFileReference; fileEncoding = 4; lastKnownFileType = sourcecode.cpp.cpp; name = "ogl-frame.cpp"; path = "../../../src/ogl-frame.cpp"; sourceTree = "<group>"; };
		58E7740913AE64D800E265AD /* ogl-image.cpp */ = {isa = PBXFileReference; fileEncoding = 4; lastKnownFileType = sourcecode.cpp.cpp; name = "ogl-image.cpp"; path = "../../../src/ogl-image.cpp"; sourceTree = "<group>"; };
		58E7740A13AE64D800E265AD /* ogl-irradiance-env.cpp */ = {isa = PBXFileReference; fileEncoding = 4; lastKnownFileType = sourcecode.cpp.cpp; name = "ogl-irradiance-env.cpp"; path = "../../../src/ogl-irradiance-env.cpp"; sourceTree = "<group>"; };
		58E7740B13AE64D900E265AD /* ogl-lut.cpp */ = {isa = PBXFileReference; fileEncoding = 4; lastKnownFileType = sourcecode.cpp.cpp; name = "ogl-lut.cpp"; path = "../../../src/ogl-lut.cpp"; sourceTree = "<group>"; };
		58E7740C13AE64D900E265AD /* ogl-mesh.cpp */ = {isa = PBXFileReference; fileEncoding = 4; lastKnownFileType = sourcecode.cpp.cpp; name = "ogl-mesh.cpp"; path = "../../../src/ogl-mesh.cpp"; sourceTree = "<group>"; };
		58E7740D13AE64D900E265AD /* ogl-mirror.cpp */ = {isa = PBXFileReference; fileEncoding = 4; lastKnownFileType = sourcecode.cpp.cpp; name = "ogl-mirror.cpp"; path = "../../../src/ogl-mirror.cpp"; sourceTree = "<group>"; };
		58E7740E13AE64D900E265AD /* ogl-obj.cpp */ = {isa = PBXFileReference; fileEncoding = 4; lastKnownFileType = sourcecode.cpp.cpp; name = "ogl-obj.cpp"; path = "../../../src/ogl-obj.cpp"; sourceTree = "<group>"; };
		58E7740F13AE64D900E265AD /* ogl-opengl.cpp */ = {isa = PBXFileReference; fileEncoding = 4; lastKnownFileType = sourcecode.cpp.cpp; name = "ogl-opengl.cpp"; path = "../../../src/ogl-opengl.cpp"; sourceTree = "<group>"; };
		58E7741013AE64D900E265AD /* ogl-pool.cpp */ = {isa = PBXFileReference; fileEncoding = 4; lastKnownFileType = sourcecode.cpp.cpp; name = "ogl-pool.cpp"; path = "../../../src/ogl-pool.cpp"; sourceTree = "<group>"; };
		58E7741113AE64D900E265AD /* ogl-process.cpp */ = {isa = PBXFileReference; fileEncoding = 4; lastKnownFileType = sourcecode.cpp.cpp; name = "ogl-process.cpp"; path = "../../../src/ogl-process.cpp"; sourceTree = "<group>"; };
		58E7741213AE64D900E265AD /* ogl-program.cpp */ = {isa = PBXFileReference; fileEncoding = 4; lastKnownFileType = sourcecode.cpp.cpp; name = "ogl-program.cpp"; path = "../../../src/ogl-program.cpp"; sourceTree = "<group>"; };
		58E7741313AE64D900E265AD /* ogl-range.cpp */ = {isa = PBXFileReference; fileEncoding = 4; lastKnownFileType = sourcecode.cpp.cpp; name = "ogl-range.cpp"; path = "../../../src/ogl-range.cpp"; sourceTree = "<group>"; };
		58E7741413AE64D900E265AD /* ogl-reflection-env.cpp */ = {isa = PBXFileReference; fileEncoding = 4; lastKnownFileType = sourcecode.cpp.cpp; name = "ogl-reflection-env.cpp"; path = "../../../src/ogl-reflection-env.cpp"; sourceTree = "<group>"; };
		58E7741513AE64D900E265AD /* ogl-sh-basis.cpp */ = {isa = PBXFileReference; fileEncoding = 4; lastKnownFileType = sourcecode.cpp.cpp; name = "ogl-sh-basis.cpp"; path = "../../../src/ogl-sh-basis.cpp"; sourceTree = "<group>"; };
		58E7741613AE64D900E265AD /* ogl-shadow.cpp */ = {isa = PBXFileReference; fileEncoding = 4; lastKnownFileType = sourcecode.cpp.cpp; name = "ogl-shadow.cpp"; path = "../../../src/ogl-shadow.cpp"; sourceTree = "<group>"; };
		58E7741713AE64D900E265AD /* ogl-sprite.cpp */ = {isa = PBXFileReference; fileEncoding = 4; lastKnownFileType = sourcecode.cpp.cpp; name = "ogl-sprite.cpp"; path = "../../../src/ogl-sprite.cpp"; sourceTree = "<group>"; };
		58E7741813AE64D900E265AD /* ogl-surface.cpp */ = {isa = PBXFileReference; fileEncoding = 4; lastKnownFileType = sourcecode.cpp.cpp; name = "ogl-surface.cpp"; path = "../../../src/ogl-surface.cpp"; sourceTree = "<group>"; };
		58E7741913AE64D900E265AD /* ogl-terrain.cpp */ = {isa = PBXFileReference; fileEncoding = 4; lastKnownFileType = sourcecode.cpp.cpp; name = "ogl-terrain.cpp"; path = "../../../src/ogl-terrain.cpp"; sourceTree = "<group>"; };
		58E7741A13AE64D900E265AD /* ogl-texture.cpp */ = {isa = PBXFileReference; fileEncoding = 4; lastKnownFileType = sourcecode.cpp.cpp; name = "ogl-texture.cpp"; path = "../../../src/ogl-texture.cpp"; sourceTree = "<group>"; };
		58E7741B13AE64D900E265AD /* ogl-uniform.cpp */ = {isa = PBXFileReference; fileEncoding = 4; lastKnownFileType = sourcecode.cpp.cpp; name = "ogl-uniform.cpp"; path = "../../../src/ogl-uniform.cpp"; sourceTree = "<group>"; };
		58E7741C13AE64D900E265AD /* wrl-atom.cpp */ = {isa = PBXFileReference; fileEncoding = 4; lastKnownFileType = sourcecode.cpp.cpp; name = "wrl-atom.cpp"; path = "../../../src/wrl-atom.cpp"; sourceTree = "<group>"; };
		58E7741D13AE64D900E265AD /* wrl-constraint.cpp */ = {isa = PBXFileReference; fileEncoding = 4; lastKnownFileType = sourcecode.cpp.cpp; name = "wrl-constraint.cpp"; path = "../../../src/wrl-constraint.cpp"; sourceTree = "<group>"; };
		58E7741E13AE64D900E265AD /* wrl-joint.cpp */ = {isa = PBXFileReference; fileEncoding = 4; lastKnownFileType = sourcecode.cpp.cpp; name = "wrl-joint.cpp"; path = "../../../src/wrl-joint.cpp"; sourceTree = "<group>"; };
		58E7741F13AE64D900E265AD /* wrl-operation.cpp */ = {isa = PBXFileReference; fileEncoding = 4; lastKnownFileType = sourcecode.cpp.cpp; name = "wrl-operation.cpp"; path = "../../../src/wrl-operation.cpp"; sourceTree = "<group>"; };
		58E7742013AE64D900E265AD /* wrl-param.cpp */ = {isa = PBXFileReference; fileEncoding = 4; lastKnownFileType = sourcecode.cpp.cpp; name = "wrl-param.cpp"; path = "../../../src/wrl-param.cpp"; sourceTree = "<group>"; };
		58E7742113AE64DA00E265AD /* wrl-solid.cpp */ = {isa = PBXFileReference; fileEncoding = 4; lastKnownFileType = sourcecode.cpp.cpp; name = "wrl-solid.cpp"; path = "../../../src/wrl-solid.cpp"; sourceTree = "<group>"; };
		58E7742213AE64DA00E265AD /* wrl-world.cpp */ = {isa = PBXFileReference; fileEncoding = 4; lastKnownFileType = sourcecode.cpp.cpp; name = "wrl-world.cpp"; path = "../../../src/wrl-world.cpp"; sourceTree = "<group>"; };
		58E7746313AE650300E265AD /* app-conf.hpp */ = {isa = PBXFileReference; fileEncoding = 4; lastKnownFileType = sourcecode.cpp.h; name = "app-conf.hpp"; path = "../../../include/app-conf.hpp"; sourceTree = "<group>"; };
		58E7746413AE650300E265AD /* app-data.hpp */ = {isa = PBXFileReference; fileEncoding = 4; lastKnownFileType = sourcecode.cpp.h; name = "app-data.hpp"; path = "../../../include/app-data.hpp"; sourceTree = "<group>"; };
		58E7746513AE650300E265AD /* app-default.hpp */ = {isa = PBXFileReference; fileEncoding = 4; lastKnownFileType = sourcecode.cpp.h; name = "app-default.hpp"; path = "../../../include/app-default.hpp"; sourceTree = "<group>"; };
		58E7746613AE650300E265AD /* app-event.hpp */ = {isa = PBXFileReference; fileEncoding = 4; lastKnownFileType = sourcecode.cpp.h; name = "app-event.hpp"; path = "../../../include/app-event.hpp"; sourceTree = "<group>"; };
		58E7746713AE650300E265AD /* app-file.hpp */ = {isa = PBXFileReference; fileEncoding = 4; lastKnownFileType = sourcecode.cpp.h; name = "app-file.hpp"; path = "../../../include/app-file.hpp"; sourceTree = "<group>"; };
		58E7746813AE650300E265AD /* app-font.hpp */ = {isa = PBXFileReference; fileEncoding = 4; lastKnownFileType = sourcecode.cpp.h; name = "app-font.hpp"; path = "../../../include/app-font.hpp"; sourceTree = "<group>"; };
		58E7746913AE650300E265AD /* app-frustum.hpp */ = {isa = PBXFileReference; fileEncoding = 4; lastKnownFileType = sourcecode.cpp.h; name = "app-frustum.hpp"; path = "../../../include/app-frustum.hpp"; sourceTree = "<group>"; };
		58E7746A13AE650300E265AD /* app-glob.hpp */ = {isa = PBXFileReference; fileEncoding = 4; lastKnownFileType = sourcecode.cpp.h; name = "app-glob.hpp"; path = "../../../include/app-glob.hpp"; sourceTree = "<group>"; };
		58E7746B13AE650300E265AD /* app-host.hpp */ = {isa = PBXFileReference; fileEncoding = 4; lastKnownFileType = sourcecode.cpp.h; name = "app-host.hpp"; path = "../../../include/app-host.hpp"; sourceTree = "<group>"; };
		58E7746C13AE650300E265AD /* app-lang.hpp */ = {isa = PBXFileReference; fileEncoding = 4; lastKnownFileType = sourcecode.cpp.h; name = "app-lang.hpp"; path = "../../../include/app-lang.hpp"; sourceTree = "<group>"; };
		58E7746D13AE650400E265AD /* app-perf.hpp */ = {isa = PBXFileReference; fileEncoding = 4; lastKnownFileType = sourcecode.cpp.h; name = "app-perf.hpp"; path = "../../../include/app-perf.hpp"; sourceTree = "<group>"; };
		58E7746E13AE650400E265AD /* app-prog.hpp */ = {isa = PBXFileReference; fileEncoding = 4; lastKnownFileType = sourcecode.cpp.h; name = "app-prog.hpp"; path = "../../../include/app-prog.hpp"; sourceTree = "<group>"; };
		58E7746F13AE650400E265AD /* app-user.hpp */ = {isa = PBXFileReference; fileEncoding = 4; lastKnownFileType = sourcecode.cpp.h; name = "app-user.hpp"; path = "../../../include/app-user.hpp"; sourceTree = "<group>"; };
		58E7747013AE650400E265AD /* dev-gamepad.hpp */ = {isa = PBXFileReference; fileEncoding = 4; lastKnownFileType = sourcecode.cpp.h; name = "dev-gamepad.hpp"; path = "../../../include/dev-gamepad.hpp"; sourceTree = "<group>"; };
		58E7747113AE650400E265AD /* dev-hybrid.hpp */ = {isa = PBXFileReference; fileEncoding = 4; lastKnownFileType = sourcecode.cpp.h; name = "dev-hybrid.hpp"; path = "../../../include/dev-hybrid.hpp"; sourceTree = "<group>"; };
		58E7747213AE650400E265AD /* dev-input.hpp */ = {isa = PBXFileReference; fileEncoding = 4; lastKnownFileType = sourcecode.cpp.h; name = "dev-input.hpp"; path = "../../../include/dev-input.hpp"; sourceTree = "<group>"; };
		58E7747313AE650400E265AD /* dev-mouse.hpp */ = {isa = PBXFileReference; fileEncoding = 4; lastKnownFileType = sourcecode.cpp.h; name = "dev-mouse.hpp"; path = "../../../include/dev-mouse.hpp"; sourceTree = "<group>"; };
		58E7747413AE650400E265AD /* dev-trackd.hpp */ = {isa = PBXFileReference; fileEncoding = 4; lastKnownFileType = sourcecode.cpp.h; name = "dev-trackd.hpp"; path = "../../../include/dev-trackd.hpp"; sourceTree = "<group>"; };
		58E7747513AE650400E265AD /* dpy-anaglyph.hpp */ = {isa = PBXFileReference; fileEncoding = 4; lastKnownFileType = sourcecode.cpp.h; name = "dpy-anaglyph.hpp"; path = "../../../include/dpy-anaglyph.hpp"; sourceTree = "<group>"; };
		58E7747613AE650400E265AD /* dpy-channel.hpp */ = {isa = PBXFileReference; fileEncoding = 4; lastKnownFileType = sourcecode.cpp.h; name = "dpy-channel.hpp"; path = "../../../include/dpy-channel.hpp"; sourceTree = "<group>"; };
		58E7747713AE650400E265AD /* dpy-direct.hpp */ = {isa = PBXFileReference; fileEncoding = 4; lastKnownFileType = sourcecode.cpp.h; name = "dpy-direct.hpp"; path = "../../../include/dpy-direct.hpp"; sourceTree = "<group>"; };
		58E7747813AE650400E265AD /* dpy-display.hpp */ = {isa = PBXFileReference; fileEncoding = 4; lastKnownFileType = sourcecode.cpp.h; name = "dpy-display.hpp"; path = "../../../include/dpy-display.hpp"; sourceTree = "<group>"; };
		58E7747913AE650400E265AD /* dpy-interlace.hpp */ = {isa = PBXFileReference; fileEncoding = 4; lastKnownFileType = sourcecode.cpp.h; name = "dpy-interlace.hpp"; path = "../../../include/dpy-interlace.hpp"; sourceTree = "<group>"; };
		58E7747A13AE650400E265AD /* dpy-lenticular.hpp */ = {isa = PBXFileReference; fileEncoding = 4; lastKnownFileType = sourcecode.cpp.h; name = "dpy-lenticular.hpp"; path = "../../../include/dpy-lenticular.hpp"; sourceTree = "<group>"; };
		58E7747B13AE650400E265AD /* dpy-normal.hpp */ = {isa = PBXFileReference; fileEncoding = 4; lastKnownFileType = sourcecode.cpp.h; name = "dpy-normal.hpp"; path = "../../../include/dpy-normal.hpp"; sourceTree = "<group>"; };
		58E7747C13AE650400E265AD /* etc-dir.hpp */ = {isa = PBXFileReference; fileEncoding = 4; lastKnownFileType = sourcecode.cpp.h; name = "etc-dir.hpp"; path = "../../../include/etc-dir.hpp"; sourceTree = "<group>"; };
		58E7747D13AE650400E265AD /* etc-math.hpp */ = {isa = PBXFileReference; fileEncoding = 4; lastKnownFileType = sourcecode.cpp.h; name = "etc-math.hpp"; path = "../../../include/etc-math.hpp"; sourceTree = "<group>"; };
		58E7747E13AE650400E265AD /* etc-ode.hpp */ = {isa = PBXFileReference; fileEncoding = 4; lastKnownFileType = sourcecode.cpp.h; name = "etc-ode.hpp"; path = "../../../include/etc-ode.hpp"; sourceTree = "<group>"; };
		58E7747F13AE650400E265AD /* etc-rect.hpp */ = {isa = PBXFileReference; fileEncoding = 4; lastKnownFileType = sourcecode.cpp.h; name = "etc-rect.hpp"; path = "../../../include/etc-rect.hpp"; sourceTree = "<group>"; };
		58E7748013AE650400E265AD /* etc-socket.hpp */ = {isa = PBXFileReference; fileEncoding = 4; lastKnownFileType = sourcecode.cpp.h; name = "etc-socket.hpp"; path = "../../../include/etc-socket.hpp"; sourceTree = "<group>"; };
		58E7748113AE650400E265AD /* gui-control.hpp */ = {isa = PBXFileReference; fileEncoding = 4; lastKnownFileType = sourcecode.cpp.h; name = "gui-control.hpp"; path = "../../../include/gui-control.hpp"; sourceTree = "<group>"; };
		58E7748213AE650400E265AD /* gui-gui.hpp */ = {isa = PBXFileReference; fileEncoding = 4; lastKnownFileType = sourcecode.cpp.h; name = "gui-gui.hpp"; path = "../../../include/gui-gui.hpp"; sourceTree = "<group>"; };
		58E7748313AE650400E265AD /* mode-edit.hpp */ = {isa = PBXFileReference; fileEncoding = 4; lastKnownFileType = sourcecode.cpp.h; name = "mode-edit.hpp"; path = "../../../include/mode-edit.hpp"; sourceTree = "<group>"; };
		58E7748413AE650400E265AD /* mode-info.hpp */ = {isa = PBXFileReference; fileEncoding = 4; lastKnownFileType = sourcecode.cpp.h; name = "mode-info.hpp"; path = "../../../include/mode-info.hpp"; sourceTree = "<group>"; };
		58E7748513AE650400E265AD /* mode-mode.hpp */ = {isa = PBXFileReference; fileEncoding = 4; lastKnownFileType = sourcecode.cpp.h; name = "mode-mode.hpp"; path = "../../../include/mode-mode.hpp"; sourceTree = "<group>"; };
		58E7748613AE650400E265AD /* mode-play.hpp */ = {isa = PBXFileReference; fileEncoding = 4; lastKnownFileType = sourcecode.cpp.h; name = "mode-play.hpp"; path = "../../../include/mode-play.hpp"; sourceTree = "<group>"; };
		58E7748713AE650400E265AD /* ogl-aabb.hpp */ = {isa = PBXFileReference; fileEncoding = 4; lastKnownFileType = sourcecode.cpp.h; name = "ogl-aabb.hpp"; path = "../../../include/ogl-aabb.hpp"; sourceTree = "<group>"; };
		58E7748813AE650400E265AD /* ogl-binding.hpp */ = {isa = PBXFileReference; fileEncoding = 4; lastKnownFileType = sourcecode.cpp.h; name = "ogl-binding.hpp"; path = "../../../include/ogl-binding.hpp"; sourceTree = "<group>"; };
		58E7748913AE650400E265AD /* ogl-buffer.hpp */ = {isa = PBXFileReference; fileEncoding = 4; lastKnownFileType = sourcecode.cpp.h; name = "ogl-buffer.hpp"; path = "../../../include/ogl-buffer.hpp"; sourceTree = "<group>"; };
		58E7748A13AE650400E265AD /* ogl-cubelut.hpp */ = {isa = PBXFileReference; fileEncoding = 4; lastKnownFileType = sourcecode.cpp.h; name = "ogl-cubelut.hpp"; path = "../../../include/ogl-cubelut.hpp"; sourceTree = "<group>"; };
		58E7748B13AE650400E265AD /* ogl-d-omega.hpp */ = {isa = PBXFileReference; fileEncoding = 4; lastKnownFileType = sourcecode.cpp.h; name = "ogl-d-omega.hpp"; path = "../../../include/ogl-d-omega.hpp"; sourceTree = "<group>"; };
		58E7748C13AE650400E265AD /* ogl-frame.hpp */ = {isa = PBXFileReference; fileEncoding = 4; lastKnownFileType = sourcecode.cpp.h; name = "ogl-frame.hpp"; path = "../../../include/ogl-frame.hpp"; sourceTree = "<group>"; };
		58E7748D13AE650400E265AD /* ogl-image.hpp */ = {isa = PBXFileReference; fileEncoding = 4; lastKnownFileType = sourcecode.cpp.h; name = "ogl-image.hpp"; path = "../../../include/ogl-image.hpp"; sourceTree = "<group>"; };
		58E7748E13AE650400E265AD /* ogl-irradiance-env.hpp */ = {isa = PBXFileReference; fileEncoding = 4; lastKnownFileType = sourcecode.cpp.h; name = "ogl-irradiance-env.hpp"; path = "../../../include/ogl-irradiance-env.hpp"; sourceTree = "<group>"; };
		58E7748F13AE650400E265AD /* ogl-lut.hpp */ = {isa = PBXFileReference; fileEncoding = 4; lastKnownFileType = sourcecode.cpp.h; name = "ogl-lut.hpp"; path = "../../../include/ogl-lut.hpp"; sourceTree = "<group>"; };
		58E7749013AE650400E265AD /* ogl-mesh.hpp */ = {isa = PBXFileReference; fileEncoding = 4; lastKnownFileType = sourcecode.cpp.h; name = "ogl-mesh.hpp"; path = "../../../include/ogl-mesh.hpp"; sourceTree = "<group>"; };
		58E7749113AE650400E265AD /* ogl-mirror.hpp */ = {isa = PBXFileReference; fileEncoding = 4; lastKnownFileType = sourcecode.cpp.h; name = "ogl-mirror.hpp"; path = "../../../include/ogl-mirror.hpp"; sourceTree = "<group>"; };
		58E7749213AE650400E265AD /* ogl-obj.hpp */ = {isa = PBXFileReference; fileEncoding = 4; lastKnownFileType = sourcecode.cpp.h; name = "ogl-obj.hpp"; path = "../../../include/ogl-obj.hpp"; sourceTree = "<group>"; };
		58E7749313AE650400E265AD /* ogl-opengl.hpp */ = {isa = PBXFileReference; fileEncoding = 4; lastKnownFileType = sourcecode.cpp.h; name = "ogl-opengl.hpp"; path = "../../../include/ogl-opengl.hpp"; sourceTree = "<group>"; };
		58E7749413AE650400E265AD /* ogl-pool.hpp */ = {isa = PBXFileReference; fileEncoding = 4; lastKnownFileType = sourcecode.cpp.h; name = "ogl-pool.hpp"; path = "../../../include/ogl-pool.hpp"; sourceTree = "<group>"; };
		58E7749513AE650400E265AD /* ogl-process.hpp */ = {isa = PBXFileReference; fileEncoding = 4; lastKnownFileType = sourcecode.cpp.h; name = "ogl-process.hpp"; path = "../../../include/ogl-process.hpp"; sourceTree = "<group>"; };
		58E7749613AE650400E265AD /* ogl-program.hpp */ = {isa = PBXFileReference; fileEncoding = 4; lastKnownFileType = sourcecode.cpp.h; name = "ogl-program.hpp"; path = "../../../include/ogl-program.hpp"; sourceTree = "<group>"; };
		58E7749713AE650500E265AD /* ogl-range.hpp */ = {isa = PBXFileReference; fileEncoding = 4; lastKnownFileType = sourcecode.cpp.h; name = "ogl-range.hpp"; path = "../../../include/ogl-range.hpp"; sourceTree = "<group>"; };
		58E7749813AE650500E265AD /* ogl-reflection-env.hpp */ = {isa = PBXFileReference; fileEncoding = 4; lastKnownFileType = sourcecode.cpp.h; name = "ogl-reflection-env.hpp"; path = "../../../include/ogl-reflection-env.hpp"; sourceTree = "<group>"; };
		58E7749913AE650500E265AD /* ogl-sh-basis.hpp */ = {isa = PBXFileReference; fileEncoding = 4; lastKnownFileType = sourcecode.cpp.h; name = "ogl-sh-basis.hpp"; path = "../../../include/ogl-sh-basis.hpp"; sourceTree = "<group>"; };
		58E7749A13AE650500E265AD /* ogl-shadow.hpp */ = {isa = PBXFileReference; fileEncoding = 4; lastKnownFileType = sourcecode.cpp.h; name = "ogl-shadow.hpp"; path = "../../../include/ogl-shadow.hpp"; sourceTree = "<group>"; };
		58E7749B13AE650500E265AD /* ogl-sprite.hpp */ = {isa = PBXFileReference; fileEncoding = 4; lastKnownFileType = sourcecode.cpp.h; name = "ogl-sprite.hpp"; path = "../../../include/ogl-sprite.hpp"; sourceTree = "<group>"; };
		58E7749C13AE650500E265AD /* ogl-surface.hpp */ = {isa = PBXFileReference; fileEncoding = 4; lastKnownFileType = sourcecode.cpp.h; name = "ogl-surface.hpp"; path = "../../../include/ogl-surface.hpp"; sourceTree = "<group>"; };
		58E7749D13AE650500E265AD /* ogl-terrain.hpp */ = {isa = PBXFileReference; fileEncoding = 4; lastKnownFileType = sourcecode.cpp.h; name = "ogl-terrain.hpp"; path = "../../../include/ogl-terrain.hpp"; sourceTree = "<group>"; };
		58E7749E13AE650500E265AD /* ogl-texture.hpp */ = {isa = PBXFileReference; fileEncoding = 4; lastKnownFileType = sourcecode.cpp.h; name = "ogl-texture.hpp"; path = "../../../include/ogl-texture.hpp"; sourceTree = "<group>"; };
		58E7749F13AE650500E265AD /* ogl-uniform.hpp */ = {isa = PBXFileReference; fileEncoding = 4; lastKnownFileType = sourcecode.cpp.h; name = "ogl-uniform.hpp"; path = "../../../include/ogl-uniform.hpp"; sourceTree = "<group>"; };
		58E774A013AE650500E265AD /* thumb.hpp */ = {isa = PBXFileReference; fileEncoding = 4; lastKnownFileType = sourcecode.cpp.h; name = thumb.hpp; path = ../../../include/thumb.hpp; sourceTree = "<group>"; };
		58E774A113AE650500E265AD /* wrl-atom.hpp */ = {isa = PBXFileReference; fileEncoding = 4; lastKnownFileType = sourcecode.cpp.h; name = "wrl-atom.hpp"; path = "../../../include/wrl-atom.hpp"; sourceTree = "<group>"; };
		58E774A213AE650500E265AD /* wrl-constraint.hpp */ = {isa = PBXFileReference; fileEncoding = 4; lastKnownFileType = sourcecode.cpp.h; name = "wrl-constraint.hpp"; path = "../../../include/wrl-constraint.hpp"; sourceTree = "<group>"; };
		58E774A313AE650500E265AD /* wrl-joint.hpp */ = {isa = PBXFileReference; fileEncoding = 4; lastKnownFileType = sourcecode.cpp.h; name = "wrl-joint.hpp"; path = "../../../include/wrl-joint.hpp"; sourceTree = "<group>"; };
		58E774A413AE650500E265AD /* wrl-operation.hpp */ = {isa = PBXFileReference; fileEncoding = 4; lastKnownFileType = sourcecode.cpp.h; name = "wrl-operation.hpp"; path = "../../../include/wrl-operation.hpp"; sourceTree = "<group>"; };
		58E774A513AE650500E265AD /* wrl-param.hpp */ = {isa = PBXFileReference; fileEncoding = 4; lastKnownFileType = sourcecode.cpp.h; name = "wrl-param.hpp"; path = "../../../include/wrl-param.hpp"; sourceTree = "<group>"; };
		58E774A613AE650500E265AD /* wrl-solid.hpp */ = {isa = PBXFileReference; fileEncoding = 4; lastKnownFileType = sourcecode.cpp.h; name = "wrl-solid.hpp"; path = "../../../include/wrl-solid.hpp"; sourceTree = "<group>"; };
		58E774A713AE650500E265AD /* wrl-world.hpp */ = {isa = PBXFileReference; fileEncoding = 4; lastKnownFileType = sourcecode.cpp.h; name = "wrl-world.hpp"; path = "../../../include/wrl-world.hpp"; sourceTree = "<group>"; };
/* End PBXFileReference section */

/* Begin PBXFrameworksBuildPhase section */
		58E773D013AE637A00E265AD /* Frameworks */ = {
			isa = PBXFrameworksBuildPhase;
			buildActionMask = 2147483647;
			files = (
				588E32A613D4C59100B9B6F7 /* libmxml.a in Frameworks */,
				588E32A713D4C59100B9B6F7 /* libode.a in Frameworks */,
				58E2105013AE69F1004580E9 /* libmxml.a in Frameworks */,
				58E2105113AE69F1004580E9 /* libode.a in Frameworks */,
				58E2104913AE69B2004580E9 /* libjpeg.8.dylib in Frameworks */,
				58E2104B13AE69CD004580E9 /* libpng14.14.dylib in Frameworks */,
				58E2104D13AE69E2004580E9 /* libz.1.2.5.dylib in Frameworks */,
				58E2104713AE697E004580E9 /* libfreetype.6.dylib in Frameworks */,
				58E2104513AE6932004580E9 /* libSDL-1.2.0.dylib in Frameworks */,
				58427C8213AF8C9000F0A012 /* libGLEW.1.6.0.dylib in Frameworks */,
				58E2104213AE6901004580E9 /* OpenGL.framework in Frameworks */,
				58E2105513AE6A67004580E9 /* ApplicationServices.framework in Frameworks */,
			);
			runOnlyForDeploymentPostprocessing = 0;
		};
/* End PBXFrameworksBuildPhase section */

/* Begin PBXGroup section */
		58E2105613AE6A81004580E9 /* Dependencies */ = {
			isa = PBXGroup;
			children = (
				58E2105413AE6A67004580E9 /* ApplicationServices.framework */,
				58E2104E13AE69F1004580E9 /* libmxml.a */,
				58E2104F13AE69F1004580E9 /* libode.a */,
				58E2104C13AE69E2004580E9 /* libz.1.2.5.dylib */,
				58E2104A13AE69CD004580E9 /* libpng14.14.dylib */,
				58E2104813AE69B2004580E9 /* libjpeg.8.dylib */,
				58E2104613AE697E004580E9 /* libfreetype.6.dylib */,
				58E2104413AE6932004580E9 /* libSDL-1.2.0.dylib */,
				58427C8113AF8C9000F0A012 /* libGLEW.1.6.0.dylib */,
				58E2104113AE6901004580E9 /* OpenGL.framework */,
			);
			name = Dependencies;
			sourceTree = "<group>";
		};
		58E210AC13AE7555004580E9 /* Data */ = {
			isa = PBXGroup;
			children = (
				580BA34E13C7A23000C77076 /* common.xml */,
				58E210AD13AE7565004580E9 /* conf.xml */,
			);
			name = Data;
			sourceTree = "<group>";
		};
		58E773C813AE637A00E265AD = {
			isa = PBXGroup;
			children = (
				588E32A413D4C59100B9B6F7 /* libmxml.a */,
				588E32A513D4C59100B9B6F7 /* libode.a */,
				58E210AC13AE7555004580E9 /* Data */,
				58E2105613AE6A81004580E9 /* Dependencies */,
				58E773D513AE637A00E265AD /* Sources */,
				58E773D413AE637A00E265AD /* Products */,
			);
			sourceTree = "<group>";
		};
		58E773D413AE637A00E265AD /* Products */ = {
			isa = PBXGroup;
			children = (
				58E773D313AE637A00E265AD /* thumb.dylib */,
			);
			name = Products;
			sourceTree = "<group>";
		};
		58E773D513AE637A00E265AD /* Sources */ = {
			isa = PBXGroup;
			children = (
				58E774ED13AE650D00E265AD /* Header */,
				58E7746213AE64E500E265AD /* Source */,
				58E774EE13AE654100E265AD /* Extra */,
			);
			name = Sources;
			path = thumb;
			sourceTree = "<group>";
		};
		58E7746213AE64E500E265AD /* Source */ = {
			isa = PBXGroup;
			children = (
				58E773E413AE64D800E265AD /* app-data.cpp */,
				58E773E513AE64D800E265AD /* app-event.cpp */,
				58E773E613AE64D800E265AD /* app-file.cpp */,
				58E773E713AE64D800E265AD /* app-font.cpp */,
				58E773E813AE64D800E265AD /* app-frustum.cpp */,
				58E773E913AE64D800E265AD /* app-glob.cpp */,
				58E773EA13AE64D800E265AD /* app-host.cpp */,
				58E773EB13AE64D800E265AD /* app-lang.cpp */,
				58E773EC13AE64D800E265AD /* app-perf.cpp */,
				58E773ED13AE64D800E265AD /* app-prog.cpp */,
				58E773EE13AE64D800E265AD /* app-user.cpp */,
				58E773EF13AE64D800E265AD /* dev-gamepad.cpp */,
				58E773F013AE64D800E265AD /* dev-hybrid.cpp */,
				58E773F113AE64D800E265AD /* dev-mouse.cpp */,
				58E773F213AE64D800E265AD /* dev-trackd.cpp */,
				58E773F313AE64D800E265AD /* dpy-anaglyph.cpp */,
				58E773F413AE64D800E265AD /* dpy-channel.cpp */,
				58E773F513AE64D800E265AD /* dpy-direct.cpp */,
				58E773F613AE64D800E265AD /* dpy-display.cpp */,
				58E773F713AE64D800E265AD /* dpy-interlace.cpp */,
				58E773F813AE64D800E265AD /* dpy-lenticular.cpp */,
				58E773F913AE64D800E265AD /* dpy-normal.cpp */,
				58E773FA13AE64D800E265AD /* etc-dir.cpp */,
				58E773FB13AE64D800E265AD /* etc-math.cpp */,
				58E773FC13AE64D800E265AD /* etc-ode.cpp */,
				58E773FD13AE64D800E265AD /* gui-control.cpp */,
				58E773FE13AE64D800E265AD /* gui-gui.cpp */,
				58E773FF13AE64D800E265AD /* mode-edit.cpp */,
				58E7740013AE64D800E265AD /* mode-info.cpp */,
				58E7740113AE64D800E265AD /* mode-mode.cpp */,
				58E7740213AE64D800E265AD /* mode-play.cpp */,
				58E7740313AE64D800E265AD /* ogl-aabb.cpp */,
				58E7740413AE64D800E265AD /* ogl-binding.cpp */,
				58E7740513AE64D800E265AD /* ogl-buffer.cpp */,
				58E7740613AE64D800E265AD /* ogl-cubelut.cpp */,
				58E7740713AE64D800E265AD /* ogl-d-omega.cpp */,
				58E7740813AE64D800E265AD /* ogl-frame.cpp */,
				58E7740913AE64D800E265AD /* ogl-image.cpp */,
				58E7740A13AE64D800E265AD /* ogl-irradiance-env.cpp */,
				58E7740B13AE64D900E265AD /* ogl-lut.cpp */,
				58E7740C13AE64D900E265AD /* ogl-mesh.cpp */,
				58E7740D13AE64D900E265AD /* ogl-mirror.cpp */,
				58E7740E13AE64D900E265AD /* ogl-obj.cpp */,
				58E7740F13AE64D900E265AD /* ogl-opengl.cpp */,
				58E7741013AE64D900E265AD /* ogl-pool.cpp */,
				58E7741113AE64D900E265AD /* ogl-process.cpp */,
				58E7741213AE64D900E265AD /* ogl-program.cpp */,
				58E7741313AE64D900E265AD /* ogl-range.cpp */,
				58E7741413AE64D900E265AD /* ogl-reflection-env.cpp */,
				58E7741513AE64D900E265AD /* ogl-sh-basis.cpp */,
				58E7741613AE64D900E265AD /* ogl-shadow.cpp */,
				58E7741713AE64D900E265AD /* ogl-sprite.cpp */,
				58E7741813AE64D900E265AD /* ogl-surface.cpp */,
				58E7741913AE64D900E265AD /* ogl-terrain.cpp */,
				58E7741A13AE64D900E265AD /* ogl-texture.cpp */,
				58E7741B13AE64D900E265AD /* ogl-uniform.cpp */,
				58E7741C13AE64D900E265AD /* wrl-atom.cpp */,
				58E7741D13AE64D900E265AD /* wrl-constraint.cpp */,
				58E7741E13AE64D900E265AD /* wrl-joint.cpp */,
				58E7741F13AE64D900E265AD /* wrl-operation.cpp */,
				58E7742013AE64D900E265AD /* wrl-param.cpp */,
				58E7742113AE64DA00E265AD /* wrl-solid.cpp */,
				58E7742213AE64DA00E265AD /* wrl-world.cpp */,
			);
			name = Source;
			sourceTree = "<group>";
		};
		58E774ED13AE650D00E265AD /* Header */ = {
			isa = PBXGroup;
			children = (
				58E7746313AE650300E265AD /* app-conf.hpp */,
				58E7746413AE650300E265AD /* app-data.hpp */,
				58E7746513AE650300E265AD /* app-default.hpp */,
				58E7746613AE650300E265AD /* app-event.hpp */,
				58E7746713AE650300E265AD /* app-file.hpp */,
				58E7746813AE650300E265AD /* app-font.hpp */,
				58E7746913AE650300E265AD /* app-frustum.hpp */,
				58E7746A13AE650300E265AD /* app-glob.hpp */,
				58E7746B13AE650300E265AD /* app-host.hpp */,
				58E7746C13AE650300E265AD /* app-lang.hpp */,
				58E7746D13AE650400E265AD /* app-perf.hpp */,
				58E7746E13AE650400E265AD /* app-prog.hpp */,
				58E7746F13AE650400E265AD /* app-user.hpp */,
				58E7747013AE650400E265AD /* dev-gamepad.hpp */,
				58E7747113AE650400E265AD /* dev-hybrid.hpp */,
				58E7747213AE650400E265AD /* dev-input.hpp */,
				58E7747313AE650400E265AD /* dev-mouse.hpp */,
				58E7747413AE650400E265AD /* dev-trackd.hpp */,
				58E7747513AE650400E265AD /* dpy-anaglyph.hpp */,
				58E7747613AE650400E265AD /* dpy-channel.hpp */,
				58E7747713AE650400E265AD /* dpy-direct.hpp */,
				58E7747813AE650400E265AD /* dpy-display.hpp */,
				58E7747913AE650400E265AD /* dpy-interlace.hpp */,
				58E7747A13AE650400E265AD /* dpy-lenticular.hpp */,
				58E7747B13AE650400E265AD /* dpy-normal.hpp */,
				58E7747C13AE650400E265AD /* etc-dir.hpp */,
				58E7747D13AE650400E265AD /* etc-math.hpp */,
				58E7747E13AE650400E265AD /* etc-ode.hpp */,
				58E7747F13AE650400E265AD /* etc-rect.hpp */,
				58E7748013AE650400E265AD /* etc-socket.hpp */,
				58E7748113AE650400E265AD /* gui-control.hpp */,
				58E7748213AE650400E265AD /* gui-gui.hpp */,
				58E7748313AE650400E265AD /* mode-edit.hpp */,
				58E7748413AE650400E265AD /* mode-info.hpp */,
				58E7748513AE650400E265AD /* mode-mode.hpp */,
				58E7748613AE650400E265AD /* mode-play.hpp */,
				58E7748713AE650400E265AD /* ogl-aabb.hpp */,
				58E7748813AE650400E265AD /* ogl-binding.hpp */,
				58E7748913AE650400E265AD /* ogl-buffer.hpp */,
				58E7748A13AE650400E265AD /* ogl-cubelut.hpp */,
				58E7748B13AE650400E265AD /* ogl-d-omega.hpp */,
				58E7748C13AE650400E265AD /* ogl-frame.hpp */,
				58E7748D13AE650400E265AD /* ogl-image.hpp */,
				58E7748E13AE650400E265AD /* ogl-irradiance-env.hpp */,
				58E7748F13AE650400E265AD /* ogl-lut.hpp */,
				58E7749013AE650400E265AD /* ogl-mesh.hpp */,
				58E7749113AE650400E265AD /* ogl-mirror.hpp */,
				58E7749213AE650400E265AD /* ogl-obj.hpp */,
				58E7749313AE650400E265AD /* ogl-opengl.hpp */,
				58E7749413AE650400E265AD /* ogl-pool.hpp */,
				58E7749513AE650400E265AD /* ogl-process.hpp */,
				58E7749613AE650400E265AD /* ogl-program.hpp */,
				58E7749713AE650500E265AD /* ogl-range.hpp */,
				58E7749813AE650500E265AD /* ogl-reflection-env.hpp */,
				58E7749913AE650500E265AD /* ogl-sh-basis.hpp */,
				58E7749A13AE650500E265AD /* ogl-shadow.hpp */,
				58E7749B13AE650500E265AD /* ogl-sprite.hpp */,
				58E7749C13AE650500E265AD /* ogl-surface.hpp */,
				58E7749D13AE650500E265AD /* ogl-terrain.hpp */,
				58E7749E13AE650500E265AD /* ogl-texture.hpp */,
				58E7749F13AE650500E265AD /* ogl-uniform.hpp */,
				58E774A013AE650500E265AD /* thumb.hpp */,
				58E774A113AE650500E265AD /* wrl-atom.hpp */,
				58E774A213AE650500E265AD /* wrl-constraint.hpp */,
				58E774A313AE650500E265AD /* wrl-joint.hpp */,
				58E774A413AE650500E265AD /* wrl-operation.hpp */,
				58E774A513AE650500E265AD /* wrl-param.hpp */,
				58E774A613AE650500E265AD /* wrl-solid.hpp */,
				58E774A713AE650500E265AD /* wrl-world.hpp */,
			);
			name = Header;
			sourceTree = "<group>";
		};
		58E774EE13AE654100E265AD /* Extra */ = {
			isa = PBXGroup;
			children = (
				58E773D813AE637A00E265AD /* thumbProj.xcconfig */,
				58E773D913AE637A00E265AD /* thumbTarget.xcconfig */,
			);
			name = Extra;
			sourceTree = "<group>";
		};
/* End PBXGroup section */

/* Begin PBXHeadersBuildPhase section */
		58E773D113AE637A00E265AD /* Headers */ = {
			isa = PBXHeadersBuildPhase;
			buildActionMask = 2147483647;
			files = (
				58E774A813AE650500E265AD /* app-conf.hpp in Headers */,
				58E774A913AE650500E265AD /* app-data.hpp in Headers */,
				58E774AA13AE650500E265AD /* app-default.hpp in Headers */,
				58E774AB13AE650500E265AD /* app-event.hpp in Headers */,
				58E774AC13AE650500E265AD /* app-file.hpp in Headers */,
				58E774AD13AE650500E265AD /* app-font.hpp in Headers */,
				58E774AE13AE650500E265AD /* app-frustum.hpp in Headers */,
				58E774AF13AE650500E265AD /* app-glob.hpp in Headers */,
				58E774B013AE650500E265AD /* app-host.hpp in Headers */,
				58E774B113AE650500E265AD /* app-lang.hpp in Headers */,
				58E774B213AE650500E265AD /* app-perf.hpp in Headers */,
				58E774B313AE650500E265AD /* app-prog.hpp in Headers */,
				58E774B413AE650500E265AD /* app-user.hpp in Headers */,
				58E774B513AE650500E265AD /* dev-gamepad.hpp in Headers */,
				58E774B613AE650500E265AD /* dev-hybrid.hpp in Headers */,
				58E774B713AE650500E265AD /* dev-input.hpp in Headers */,
				58E774B813AE650500E265AD /* dev-mouse.hpp in Headers */,
				58E774B913AE650500E265AD /* dev-trackd.hpp in Headers */,
				58E774BA13AE650500E265AD /* dpy-anaglyph.hpp in Headers */,
				58E774BB13AE650500E265AD /* dpy-channel.hpp in Headers */,
				58E774BC13AE650500E265AD /* dpy-direct.hpp in Headers */,
				58E774BD13AE650500E265AD /* dpy-display.hpp in Headers */,
				58E774BE13AE650500E265AD /* dpy-interlace.hpp in Headers */,
				58E774BF13AE650500E265AD /* dpy-lenticular.hpp in Headers */,
				58E774C013AE650500E265AD /* dpy-normal.hpp in Headers */,
				58E774C113AE650500E265AD /* etc-dir.hpp in Headers */,
				58E774C213AE650500E265AD /* etc-math.hpp in Headers */,
				58E774C313AE650500E265AD /* etc-ode.hpp in Headers */,
				58E774C413AE650500E265AD /* etc-rect.hpp in Headers */,
				58E774C513AE650500E265AD /* etc-socket.hpp in Headers */,
				58E774C613AE650500E265AD /* gui-control.hpp in Headers */,
				58E774C713AE650500E265AD /* gui-gui.hpp in Headers */,
				58E774C813AE650500E265AD /* mode-edit.hpp in Headers */,
				58E774C913AE650500E265AD /* mode-info.hpp in Headers */,
				58E774CA13AE650500E265AD /* mode-mode.hpp in Headers */,
				58E774CB13AE650500E265AD /* mode-play.hpp in Headers */,
				58E774CC13AE650500E265AD /* ogl-aabb.hpp in Headers */,
				58E774CD13AE650500E265AD /* ogl-binding.hpp in Headers */,
				58E774CE13AE650500E265AD /* ogl-buffer.hpp in Headers */,
				58E774CF13AE650500E265AD /* ogl-cubelut.hpp in Headers */,
				58E774D013AE650500E265AD /* ogl-d-omega.hpp in Headers */,
				58E774D113AE650500E265AD /* ogl-frame.hpp in Headers */,
				58E774D213AE650500E265AD /* ogl-image.hpp in Headers */,
				58E774D313AE650500E265AD /* ogl-irradiance-env.hpp in Headers */,
				58E774D413AE650500E265AD /* ogl-lut.hpp in Headers */,
				58E774D513AE650500E265AD /* ogl-mesh.hpp in Headers */,
				58E774D613AE650500E265AD /* ogl-mirror.hpp in Headers */,
				58E774D713AE650500E265AD /* ogl-obj.hpp in Headers */,
				58E774D813AE650500E265AD /* ogl-opengl.hpp in Headers */,
				58E774D913AE650500E265AD /* ogl-pool.hpp in Headers */,
				58E774DA13AE650500E265AD /* ogl-process.hpp in Headers */,
				58E774DB13AE650500E265AD /* ogl-program.hpp in Headers */,
				58E774DC13AE650500E265AD /* ogl-range.hpp in Headers */,
				58E774DD13AE650500E265AD /* ogl-reflection-env.hpp in Headers */,
				58E774DE13AE650500E265AD /* ogl-sh-basis.hpp in Headers */,
				58E774DF13AE650500E265AD /* ogl-shadow.hpp in Headers */,
				58E774E013AE650500E265AD /* ogl-sprite.hpp in Headers */,
				58E774E113AE650500E265AD /* ogl-surface.hpp in Headers */,
				58E774E213AE650500E265AD /* ogl-terrain.hpp in Headers */,
				58E774E313AE650500E265AD /* ogl-texture.hpp in Headers */,
				58E774E413AE650500E265AD /* ogl-uniform.hpp in Headers */,
				58E774E513AE650500E265AD /* thumb.hpp in Headers */,
				58E774E613AE650500E265AD /* wrl-atom.hpp in Headers */,
				58E774E713AE650500E265AD /* wrl-constraint.hpp in Headers */,
				58E774E813AE650500E265AD /* wrl-joint.hpp in Headers */,
				58E774E913AE650500E265AD /* wrl-operation.hpp in Headers */,
				58E774EA13AE650500E265AD /* wrl-param.hpp in Headers */,
				58E774EB13AE650500E265AD /* wrl-solid.hpp in Headers */,
				58E774EC13AE650500E265AD /* wrl-world.hpp in Headers */,
			);
			runOnlyForDeploymentPostprocessing = 0;
		};
/* End PBXHeadersBuildPhase section */

/* Begin PBXNativeTarget section */
		58E773D213AE637A00E265AD /* thumb */ = {
			isa = PBXNativeTarget;
			buildConfigurationList = 58E773E113AE637A00E265AD /* Build configuration list for PBXNativeTarget "thumb" */;
			buildPhases = (
				58E773CF13AE637A00E265AD /* Sources */,
				58E773D013AE637A00E265AD /* Frameworks */,
				58E773D113AE637A00E265AD /* Headers */,
			);
			buildRules = (
			);
			dependencies = (
			);
			name = thumb;
			productName = thumb;
			productReference = 58E773D313AE637A00E265AD /* thumb.dylib */;
			productType = "com.apple.product-type.library.dynamic";
		};
/* End PBXNativeTarget section */

/* Begin PBXProject section */
		58E773CA13AE637A00E265AD /* Project object */ = {
			isa = PBXProject;
			attributes = {
				ORGANIZATIONNAME = "Louisiana State University";
			};
			buildConfigurationList = 58E773CD13AE637A00E265AD /* Build configuration list for PBXProject "thumb" */;
			compatibilityVersion = "Xcode 3.2";
			developmentRegion = English;
			hasScannedForEncodings = 0;
			knownRegions = (
				en,
			);
			mainGroup = 58E773C813AE637A00E265AD;
			productRefGroup = 58E773D413AE637A00E265AD /* Products */;
			projectDirPath = "";
			projectRoot = "";
			targets = (
				58E773D213AE637A00E265AD /* thumb */,
			);
		};
/* End PBXProject section */

/* Begin PBXSourcesBuildPhase section */
		58E773CF13AE637A00E265AD /* Sources */ = {
			isa = PBXSourcesBuildPhase;
			buildActionMask = 2147483647;
			files = (
				58E7742313AE64DA00E265AD /* app-data.cpp in Sources */,
				58E7742413AE64DA00E265AD /* app-event.cpp in Sources */,
				58E7742513AE64DA00E265AD /* app-file.cpp in Sources */,
				58E7742613AE64DA00E265AD /* app-font.cpp in Sources */,
				58E7742713AE64DA00E265AD /* app-frustum.cpp in Sources */,
				58E7742813AE64DA00E265AD /* app-glob.cpp in Sources */,
				58E7742913AE64DA00E265AD /* app-host.cpp in Sources */,
				58E7742A13AE64DA00E265AD /* app-lang.cpp in Sources */,
				58E7742B13AE64DA00E265AD /* app-perf.cpp in Sources */,
				58E7742C13AE64DA00E265AD /* app-prog.cpp in Sources */,
				58E7742D13AE64DA00E265AD /* app-user.cpp in Sources */,
				58E7742E13AE64DA00E265AD /* dev-gamepad.cpp in Sources */,
				58E7742F13AE64DA00E265AD /* dev-hybrid.cpp in Sources */,
				58E7743013AE64DA00E265AD /* dev-mouse.cpp in Sources */,
				58E7743113AE64DA00E265AD /* dev-trackd.cpp in Sources */,
				58E7743213AE64DA00E265AD /* dpy-anaglyph.cpp in Sources */,
				58E7743313AE64DA00E265AD /* dpy-channel.cpp in Sources */,
				58E7743413AE64DA00E265AD /* dpy-direct.cpp in Sources */,
				58E7743513AE64DA00E265AD /* dpy-display.cpp in Sources */,
				58E7743613AE64DA00E265AD /* dpy-interlace.cpp in Sources */,
				58E7743713AE64DA00E265AD /* dpy-lenticular.cpp in Sources */,
				58E7743813AE64DA00E265AD /* dpy-normal.cpp in Sources */,
				58E7743913AE64DA00E265AD /* etc-dir.cpp in Sources */,
				58E7743A13AE64DA00E265AD /* etc-math.cpp in Sources */,
				58E7743B13AE64DA00E265AD /* etc-ode.cpp in Sources */,
				58E7743C13AE64DA00E265AD /* gui-control.cpp in Sources */,
				58E7743D13AE64DA00E265AD /* gui-gui.cpp in Sources */,
				58E7743E13AE64DA00E265AD /* mode-edit.cpp in Sources */,
				58E7743F13AE64DA00E265AD /* mode-info.cpp in Sources */,
				58E7744013AE64DA00E265AD /* mode-mode.cpp in Sources */,
				58E7744113AE64DA00E265AD /* mode-play.cpp in Sources */,
				58E7744213AE64DA00E265AD /* ogl-aabb.cpp in Sources */,
				58E7744313AE64DA00E265AD /* ogl-binding.cpp in Sources */,
				58E7744413AE64DA00E265AD /* ogl-buffer.cpp in Sources */,
				58E7744513AE64DA00E265AD /* ogl-cubelut.cpp in Sources */,
				58E7744613AE64DA00E265AD /* ogl-d-omega.cpp in Sources */,
				58E7744713AE64DA00E265AD /* ogl-frame.cpp in Sources */,
				58E7744813AE64DA00E265AD /* ogl-image.cpp in Sources */,
				58E7744913AE64DA00E265AD /* ogl-irradiance-env.cpp in Sources */,
				58E7744A13AE64DA00E265AD /* ogl-lut.cpp in Sources */,
				58E7744B13AE64DA00E265AD /* ogl-mesh.cpp in Sources */,
				58E7744C13AE64DA00E265AD /* ogl-mirror.cpp in Sources */,
				58E7744D13AE64DA00E265AD /* ogl-obj.cpp in Sources */,
				58E7744E13AE64DA00E265AD /* ogl-opengl.cpp in Sources */,
				58E7744F13AE64DA00E265AD /* ogl-pool.cpp in Sources */,
				58E7745013AE64DA00E265AD /* ogl-process.cpp in Sources */,
				58E7745113AE64DA00E265AD /* ogl-program.cpp in Sources */,
				58E7745213AE64DA00E265AD /* ogl-range.cpp in Sources */,
				58E7745313AE64DA00E265AD /* ogl-reflection-env.cpp in Sources */,
				58E7745413AE64DA00E265AD /* ogl-sh-basis.cpp in Sources */,
				58E7745513AE64DA00E265AD /* ogl-shadow.cpp in Sources */,
				58E7745613AE64DA00E265AD /* ogl-sprite.cpp in Sources */,
				58E7745713AE64DA00E265AD /* ogl-surface.cpp in Sources */,
				58E7745813AE64DA00E265AD /* ogl-terrain.cpp in Sources */,
				58E7745913AE64DA00E265AD /* ogl-texture.cpp in Sources */,
				58E7745A13AE64DA00E265AD /* ogl-uniform.cpp in Sources */,
				58E7745B13AE64DA00E265AD /* wrl-atom.cpp in Sources */,
				58E7745C13AE64DA00E265AD /* wrl-constraint.cpp in Sources */,
				58E7745D13AE64DA00E265AD /* wrl-joint.cpp in Sources */,
				58E7745E13AE64DA00E265AD /* wrl-operation.cpp in Sources */,
				58E7745F13AE64DA00E265AD /* wrl-param.cpp in Sources */,
				58E7746013AE64DA00E265AD /* wrl-solid.cpp in Sources */,
				58E7746113AE64DA00E265AD /* wrl-world.cpp in Sources */,
			);
			runOnlyForDeploymentPostprocessing = 0;
		};
/* End PBXSourcesBuildPhase section */

/* Begin XCBuildConfiguration section */
		58E773DF13AE637A00E265AD /* Debug */ = {
			isa = XCBuildConfiguration;
			buildSettings = {
				ARCHS = "$(ARCHS_STANDARD_32_64_BIT)";
				GCC_C_LANGUAGE_STANDARD = gnu99;
				GCC_OPTIMIZATION_LEVEL = 0;
				GCC_PREPROCESSOR_DEFINITIONS = DEBUG;
				GCC_SYMBOLS_PRIVATE_EXTERN = NO;
				GCC_VERSION = com.apple.compilers.llvm.clang.1_0;
				GCC_WARN_64_TO_32_BIT_CONVERSION = YES;
				GCC_WARN_ABOUT_RETURN_TYPE = YES;
				GCC_WARN_UNUSED_VARIABLE = YES;
				MACOSX_DEPLOYMENT_TARGET = 10.6;
				ONLY_ACTIVE_ARCH = YES;
				SDKROOT = macosx;
			};
			name = Debug;
		};
		58E773E013AE637A00E265AD /* Release */ = {
			isa = XCBuildConfiguration;
			buildSettings = {
				ARCHS = "$(ARCHS_STANDARD_32_64_BIT)";
				GCC_C_LANGUAGE_STANDARD = gnu99;
				GCC_VERSION = com.apple.compilers.llvm.clang.1_0;
				GCC_WARN_64_TO_32_BIT_CONVERSION = YES;
				GCC_WARN_ABOUT_RETURN_TYPE = YES;
				GCC_WARN_UNUSED_VARIABLE = YES;
				MACOSX_DEPLOYMENT_TARGET = 10.6;
				SDKROOT = macosx;
			};
			name = Release;
		};
		58E773E213AE637A00E265AD /* Debug */ = {
			isa = XCBuildConfiguration;
			buildSettings = {
				ALWAYS_SEARCH_USER_PATHS = NO;
				COPY_PHASE_STRIP = NO;
				GCC_DYNAMIC_NO_PIC = NO;
				GCC_ENABLE_OBJC_EXCEPTIONS = YES;
				HEADER_SEARCH_PATHS = (
					/Users/rlk/include,
					/usr/local/include,
					/opt/local/include,
					/opt/local/include/freetype2/,
					/opt/local/include/SDL,
				);
				LIBRARY_SEARCH_PATHS = (
					/Users/rlk/lib,
					/usr/local/lib,
					/opt/local/lib,
				);
				PRODUCT_NAME = "$(TARGET_NAME)";
			};
			name = Debug;
		};
		58E773E313AE637A00E265AD /* Release */ = {
			isa = XCBuildConfiguration;
			buildSettings = {
				ALWAYS_SEARCH_USER_PATHS = NO;
				COPY_PHASE_STRIP = YES;
				DEBUG_INFORMATION_FORMAT = "dwarf-with-dsym";
				GCC_ENABLE_OBJC_EXCEPTIONS = YES;
				HEADER_SEARCH_PATHS = (
					/Users/rlk/include,
					/usr/local/include,
					/opt/local/include,
					/opt/local/include/freetype2/,
					/opt/local/include/SDL,
				);
				LIBRARY_SEARCH_PATHS = (
					/Users/rlk/lib,
					/usr/local/lib,
					/opt/local/lib,
				);
				PRODUCT_NAME = "$(TARGET_NAME)";
			};
			name = Release;
		};
/* End XCBuildConfiguration section */

/* Begin XCConfigurationList section */
		58E773CD13AE637A00E265AD /* Build configuration list for PBXProject "thumb" */ = {
			isa = XCConfigurationList;
			buildConfigurations = (
				58E773DF13AE637A00E265AD /* Debug */,
				58E773E013AE637A00E265AD /* Release */,
			);
			defaultConfigurationIsVisible = 0;
			defaultConfigurationName = Release;
		};
		58E773E113AE637A00E265AD /* Build configuration list for PBXNativeTarget "thumb" */ = {
			isa = XCConfigurationList;
			buildConfigurations = (
				58E773E213AE637A00E265AD /* Debug */,
				58E773E313AE637A00E265AD /* Release */,
			);
			defaultConfigurationIsVisible = 0;
			defaultConfigurationName = Release;
		};
/* End XCConfigurationList section */
	};
	rootObject = 58E773CA13AE637A00E265AD /* Project object */;
}
