
Microsoft Visual Studio Solution File, Format Version 11.00
# Visual Studio 2010
Project("{8BC9CEB8-8B4A-11D0-8D11-00A0C91BC942}") = "thumb", "thumb.vcxproj", "{FA75B9F5-C819-475D-99BB-794145901799}"
EndProject
Project("{8BC9CEB8-8B4A-11D0-8D11-00A0C91BC942}") = "panoview", "..\panoview\panoview.vcxproj", "{97BC393D-57DC-4B41-9376-F691F0EB7CB7}"
	ProjectSection(ProjectDependencies) = postProject
		{FA75B9F5-C819-475D-99BB-794145901799} = {FA75B9F5-C819-475D-99BB-794145901799}
	EndProjectSection
EndProject
Global
	GlobalSection(SolutionConfigurationPlatforms) = preSolution
		Debug|Win32 = Debug|Win32
		Release|Win32 = Release|Win32
	EndGlobalSection
	GlobalSection(ProjectConfigurationPlatforms) = postSolution
		{FA75B9F5-C819-475D-99BB-794145901799}.Debug|Win32.ActiveCfg = Debug|Win32
		{FA75B9F5-C819-475D-99BB-794145901799}.Debug|Win32.Build.0 = Debug|Win32
		{FA75B9F5-C819-475D-99BB-794145901799}.Release|Win32.ActiveCfg = Release|Win32
		{FA75B9F5-C819-475D-99BB-794145901799}.Release|Win32.Build.0 = Release|Win32
		{97BC393D-57DC-4B41-9376-F691F0EB7CB7}.Debug|Win32.ActiveCfg = Debug|Win32
		{97BC393D-57DC-4B41-9376-F691F0EB7CB7}.Debug|Win32.Build.0 = Debug|Win32
		{97BC393D-57DC-4B41-9376-F691F0EB7CB7}.Release|Win32.ActiveCfg = Release|Win32
		{97BC393D-57DC-4B41-9376-F691F0EB7CB7}.Release|Win32.Build.0 = Release|Win32
	EndGlobalSection
	GlobalSection(SolutionProperties) = preSolution
		HideSolutionNode = FALSE
	EndGlobalSection
EndGlobal
