// !$*UTF8*$!
{
	archiveVersion = 1;
	classes = {
	};
	objectVersion = 46;
	objects = {

/* Begin PBXFileReference section */
		581D31DA139143C600012024 /* demo.cpp */ = {isa = PBXFileReference; fileEncoding = 4; lastKnownFileType = sourcecode.cpp.cpp; name = demo.cpp; path = ../../proj/edworld/demo.cpp; sourceTree = "<group>"; };
		581D31DB139143C600012024 /* demo.hpp */ = {isa = PBXFileReference; fileEncoding = 4; lastKnownFileType = sourcecode.cpp.h; name = demo.hpp; path = ../../proj/edworld/demo.hpp; sourceTree = "<group>"; };
		581D31DC139143C600012024 /* main.cpp */ = {isa = PBXFileReference; fileEncoding = 4; lastKnownFileType = sourcecode.cpp.cpp; name = main.cpp; path = ../../proj/edworld/main.cpp; sourceTree = "<group>"; };
		581D31DD139143C600012024 /* main.hpp */ = {isa = PBXFileReference; fileEncoding = 4; lastKnownFileType = sourcecode.cpp.h; name = main.hpp; path = ../../proj/edworld/main.hpp; sourceTree = "<group>"; };
		581D31DE139143C600012024 /* Makefile */ = {isa = PBXFileReference; fileEncoding = 4; lastKnownFileType = sourcecode.make; name = Makefile; path = ../../proj/edworld/Makefile; sourceTree = "<group>"; };
/* End PBXFileReference section */

/* Begin PBXGroup section */
		581D31CD1391437300012024 = {
			isa = PBXGroup;
			children = (
				581D31DE139143C600012024 /* Makefile */,
				581D31DA139143C600012024 /* demo.cpp */,
				581D31DB139143C600012024 /* demo.hpp */,
				581D31DC139143C600012024 /* main.cpp */,
				581D31DD139143C600012024 /* main.hpp */,
			);
			sourceTree = "<group>";
		};
/* End PBXGroup section */

/* Begin PBXLegacyTarget section */
		581D31D41391437300012024 /* Edworld */ = {
			isa = PBXLegacyTarget;
			buildArgumentsString = "$(ACTION)";
			buildConfigurationList = 581D31D71391437300012024 /* Build configuration list for PBXLegacyTarget "Edworld" */;
			buildPhases = (
			);
			buildToolPath = /usr/bin/make;
			buildWorkingDirectory = /Users/rlk/Projects/thumb/proj/edworld;
			dependencies = (
			);
			name = Edworld;
			passBuildSettingsInEnvironment = 1;
			productName = Edworld;
		};
/* End PBXLegacyTarget section */

/* Begin PBXProject section */
		581D31CF1391437300012024 /* Project object */ = {
			isa = PBXProject;
			attributes = {
				ORGANIZATIONNAME = "Louisiana State University";
			};
			buildConfigurationList = 581D31D21391437300012024 /* Build configuration list for PBXProject "Edworld" */;
			compatibilityVersion = "Xcode 3.2";
			developmentRegion = English;
			hasScannedForEncodings = 0;
			knownRegions = (
				en,
			);
			mainGroup = 581D31CD1391437300012024;
			projectDirPath = "";
			projectRoot = "";
			targets = (
				581D31D41391437300012024 /* Edworld */,
			);
		};
/* End PBXProject section */

/* Begin XCBuildConfiguration section */
		581D31D51391437300012024 /* Debug */ = {
			isa = XCBuildConfiguration;
			buildSettings = {
				ARCHS = "$(ARCHS_STANDARD_32_64_BIT)";
				GCC_C_LANGUAGE_STANDARD = gnu99;
				GCC_OPTIMIZATION_LEVEL = 0;
				GCC_PREPROCESSOR_DEFINITIONS = DEBUG;
				GCC_SYMBOLS_PRIVATE_EXTERN = NO;
				GCC_VERSION = com.apple.compilers.llvm.clang.1_0;
				GCC_WARN_64_TO_32_BIT_CONVERSION = YES;
				GCC_WARN_ABOUT_RETURN_TYPE = YES;
				GCC_WARN_UNUSED_VARIABLE = YES;
				MACOSX_DEPLOYMENT_TARGET = 10.6;
				ONLY_ACTIVE_ARCH = YES;
				SDKROOT = macosx;
			};
			name = Debug;
		};
		581D31D61391437300012024 /* Release */ = {
			isa = XCBuildConfiguration;
			buildSettings = {
				ARCHS = "$(ARCHS_STANDARD_32_64_BIT)";
				GCC_C_LANGUAGE_STANDARD = gnu99;
				GCC_VERSION = com.apple.compilers.llvm.clang.1_0;
				GCC_WARN_64_TO_32_BIT_CONVERSION = YES;
				GCC_WARN_ABOUT_RETURN_TYPE = YES;
				GCC_WARN_UNUSED_VARIABLE = YES;
				MACOSX_DEPLOYMENT_TARGET = 10.6;
				SDKROOT = macosx;
			};
			name = Release;
		};
		581D31D81391437300012024 /* Debug */ = {
			isa = XCBuildConfiguration;
			buildSettings = {
				ALWAYS_SEARCH_USER_PATHS = NO;
				COPY_PHASE_STRIP = NO;
				DEBUGGING_SYMBOLS = YES;
				GCC_DYNAMIC_NO_PIC = NO;
				GCC_ENABLE_OBJC_EXCEPTIONS = YES;
				GCC_GENERATE_DEBUGGING_SYMBOLS = YES;
				GCC_OPTIMIZATION_LEVEL = 0;
				OTHER_CFLAGS = "";
				OTHER_LDFLAGS = "";
				PRODUCT_NAME = "$(TARGET_NAME)";
			};
			name = Debug;
		};
		581D31D91391437300012024 /* Release */ = {
			isa = XCBuildConfiguration;
			buildSettings = {
				ALWAYS_SEARCH_USER_PATHS = NO;
				COPY_PHASE_STRIP = YES;
				DEBUG_INFORMATION_FORMAT = "dwarf-with-dsym";
				GCC_ENABLE_OBJC_EXCEPTIONS = YES;
				OTHER_CFLAGS = "";
				OTHER_LDFLAGS = "";
				PRODUCT_NAME = "$(TARGET_NAME)";
			};
			name = Release;
		};
/* End XCBuildConfiguration section */

/* Begin XCConfigurationList section */
		581D31D21391437300012024 /* Build configuration list for PBXProject "Edworld" */ = {
			isa = XCConfigurationList;
			buildConfigurations = (
				581D31D51391437300012024 /* Debug */,
				581D31D61391437300012024 /* Release */,
			);
			defaultConfigurationIsVisible = 0;
			defaultConfigurationName = Release;
		};
		581D31D71391437300012024 /* Build configuration list for PBXLegacyTarget "Edworld" */ = {
			isa = XCConfigurationList;
			buildConfigurations = (
				581D31D81391437300012024 /* Debug */,
				581D31D91391437300012024 /* Release */,
			);
			defaultConfigurationIsVisible = 0;
		};
/* End XCConfigurationList section */
	};
	rootObject = 581D31CF1391437300012024 /* Project object */;
}
