// !$*UTF8*$!
{
	archiveVersion = 1;
	classes = {
	};
	objectVersion = 46;
	objects = {

/* Begin PBXBuildFile section */
		58E2109B13AE6EC2004580E9 /* panoview.cpp in Sources */ = {isa = PBXBuildFile; fileRef = 58E2109613AE6EC2004580E9 /* panoview.cpp */; };
		58E210A013AE7297004580E9 /* OpenGL.framework in Frameworks */ = {isa = PBXBuildFile; fileRef = 58E2109F13AE7297004580E9 /* OpenGL.framework */; };
		58E210AB13AE73A9004580E9 /* Cocoa.framework in Frameworks */ = {isa = PBXBuildFile; fileRef = 58E210AA13AE73A9004580E9 /* Cocoa.framework */; };
/* End PBXBuildFile section */

/* Begin PBXCopyFilesBuildPhase section */
		58E2108613AE6EAF004580E9 /* CopyFiles */ = {
			isa = PBXCopyFilesBuildPhase;
			buildActionMask = 2147483647;
			dstPath = /usr/share/man/man1/;
			dstSubfolderSpec = 0;
			files = (
			);
			runOnlyForDeploymentPostprocessing = 1;
		};
/* End PBXCopyFilesBuildPhase section */

/* Begin PBXFileReference section */
		5865802C13B628F100FBBF90 /* queue.hpp */ = {isa = PBXFileReference; fileEncoding = 4; lastKnownFileType = sourcecode.cpp.h; name = queue.hpp; path = ../../../proj/panoview/queue.hpp; sourceTree = "<group>"; };
		58E2108813AE6EAF004580E9 /* panoview */ = {isa = PBXFileReference; explicitFileType = "compiled.mach-o.executable"; includeInIndex = 0; path = panoview; sourceTree = BUILT_PRODUCTS_DIR; };
		58E2109613AE6EC2004580E9 /* panoview.cpp */ = {isa = PBXFileReference; fileEncoding = 4; lastKnownFileType = sourcecode.cpp.cpp; name = panoview.cpp; path = ../../../proj/panoview/panoview.cpp; sourceTree = "<group>"; };
		58E2109713AE6EC2004580E9 /* panoview.hpp */ = {isa = PBXFileReference; fileEncoding = 4; lastKnownFileType = sourcecode.cpp.h; name = panoview.hpp; path = ../../../proj/panoview/panoview.hpp; sourceTree = "<group>"; };
		58E2109F13AE7297004580E9 /* OpenGL.framework */ = {isa = PBXFileReference; lastKnownFileType = wrapper.framework; name = OpenGL.framework; path = System/Library/Frameworks/OpenGL.framework; sourceTree = SDKROOT; };
		58E210A813AE7393004580E9 /* ApplicationServices.framework */ = {isa = PBXFileReference; lastKnownFileType = wrapper.framework; name = ApplicationServices.framework; path = System/Library/Frameworks/ApplicationServices.framework; sourceTree = SDKROOT; };
		58E210AA13AE73A9004580E9 /* Cocoa.framework */ = {isa = PBXFileReference; lastKnownFileType = wrapper.framework; name = Cocoa.framework; path = System/Library/Frameworks/Cocoa.framework; sourceTree = SDKROOT; };
/* End PBXFileReference section */

/* Begin PBXFrameworksBuildPhase section */
		58E2108513AE6EAF004580E9 /* Frameworks */ = {
			isa = PBXFrameworksBuildPhase;
			buildActionMask = 2147483647;
			files = (
				58E210A013AE7297004580E9 /* OpenGL.framework in Frameworks */,
				58E210AB13AE73A9004580E9 /* Cocoa.framework in Frameworks */,
			);
			runOnlyForDeploymentPostprocessing = 0;
		};
/* End PBXFrameworksBuildPhase section */

/* Begin PBXGroup section */
		580ABF1C1416C6C4009F4D42 /* Documentation */ = {
			isa = PBXGroup;
			children = (
			);
			name = Documentation;
			sourceTree = "<group>";
		};
		580BA34B13C78CFB00C77076 /* Data */ = {
			isa = PBXGroup;
			children = (
			);
			name = Data;
			sourceTree = "<group>";
		};
		58E2107D13AE6EAF004580E9 = {
			isa = PBXGroup;
			children = (
				580ABF1C1416C6C4009F4D42 /* Documentation */,
				58E210A513AE730A004580E9 /* Dependencies */,
				580BA34B13C78CFB00C77076 /* Data */,
				58E2108B13AE6EAF004580E9 /* panoview */,
				58E2108913AE6EAF004580E9 /* Products */,
			);
			sourceTree = "<group>";
		};
		58E2108913AE6EAF004580E9 /* Products */ = {
			isa = PBXGroup;
			children = (
				58E2108813AE6EAF004580E9 /* panoview */,
			);
			name = Products;
			sourceTree = "<group>";
		};
		58E2108B13AE6EAF004580E9 /* panoview */ = {
			isa = PBXGroup;
			children = (
				5865802C13B628F100FBBF90 /* queue.hpp */,
				58E2109613AE6EC2004580E9 /* panoview.cpp */,
				58E2109713AE6EC2004580E9 /* panoview.hpp */,
			);
			path = panoview;
			sourceTree = "<group>";
		};
		58E210A513AE730A004580E9 /* Dependencies */ = {
			isa = PBXGroup;
			children = (
				58E2109F13AE7297004580E9 /* OpenGL.framework */,
				58E210AA13AE73A9004580E9 /* Cocoa.framework */,
				58E210A813AE7393004580E9 /* ApplicationServices.framework */,
			);
			name = Dependencies;
			sourceTree = "<group>";
		};
/* End PBXGroup section */

/* Begin PBXNativeTarget section */
		58E2108713AE6EAF004580E9 /* panoview */ = {
			isa = PBXNativeTarget;
			buildConfigurationList = 58E2109113AE6EAF004580E9 /* Build configuration list for PBXNativeTarget "panoview" */;
			buildPhases = (
				58E2108413AE6EAF004580E9 /* Sources */,
				58E2108513AE6EAF004580E9 /* Frameworks */,
				58E2108613AE6EAF004580E9 /* CopyFiles */,
			);
			buildRules = (
			);
			dependencies = (
			);
			name = panoview;
			productName = panoview;
			productReference = 58E2108813AE6EAF004580E9 /* panoview */;
			productType = "com.apple.product-type.tool";
		};
/* End PBXNativeTarget section */

/* Begin PBXProject section */
		58E2107F13AE6EAF004580E9 /* Project object */ = {
			isa = PBXProject;
			attributes = {
				ORGANIZATIONNAME = "Louisiana State University";
			};
			buildConfigurationList = 58E2108213AE6EAF004580E9 /* Build configuration list for PBXProject "panoview" */;
			compatibilityVersion = "Xcode 3.2";
			developmentRegion = English;
			hasScannedForEncodings = 0;
			knownRegions = (
				en,
			);
			mainGroup = 58E2107D13AE6EAF004580E9;
			productRefGroup = 58E2108913AE6EAF004580E9 /* Products */;
			projectDirPath = "";
			projectRoot = "";
			targets = (
				58E2108713AE6EAF004580E9 /* panoview */,
			);
		};
/* End PBXProject section */

/* Begin PBXSourcesBuildPhase section */
		58E2108413AE6EAF004580E9 /* Sources */ = {
			isa = PBXSourcesBuildPhase;
			buildActionMask = 2147483647;
			files = (
				58E2109B13AE6EC2004580E9 /* panoview.cpp in Sources */,
			);
			runOnlyForDeploymentPostprocessing = 0;
		};
/* End PBXSourcesBuildPhase section */

/* Begin XCBuildConfiguration section */
		58E2108F13AE6EAF004580E9 /* Debug */ = {
			isa = XCBuildConfiguration;
			buildSettings = {
				ARCHS = "$(ARCHS_STANDARD_32_64_BIT)";
				GCC_C_LANGUAGE_STANDARD = gnu99;
				GCC_OPTIMIZATION_LEVEL = 0;
				GCC_PREPROCESSOR_DEFINITIONS = DEBUG;
				GCC_SYMBOLS_PRIVATE_EXTERN = NO;
				GCC_VERSION = com.apple.compilers.llvm.clang.1_0;
				GCC_WARN_64_TO_32_BIT_CONVERSION = YES;
				GCC_WARN_ABOUT_RETURN_TYPE = YES;
				GCC_WARN_UNUSED_VARIABLE = YES;
				MACOSX_DEPLOYMENT_TARGET = 10.6;
				ONLY_ACTIVE_ARCH = YES;
				SDKROOT = macosx;
			};
			name = Debug;
		};
		58E2109013AE6EAF004580E9 /* Release */ = {
			isa = XCBuildConfiguration;
			buildSettings = {
				ARCHS = "$(ARCHS_STANDARD_32_64_BIT)";
				GCC_C_LANGUAGE_STANDARD = gnu99;
				GCC_VERSION = com.apple.compilers.llvm.clang.1_0;
				GCC_WARN_64_TO_32_BIT_CONVERSION = YES;
				GCC_WARN_ABOUT_RETURN_TYPE = YES;
				GCC_WARN_UNUSED_VARIABLE = YES;
				MACOSX_DEPLOYMENT_TARGET = 10.6;
				SDKROOT = macosx;
			};
			name = Release;
		};
		58E2109213AE6EAF004580E9 /* Debug */ = {
			isa = XCBuildConfiguration;
			buildSettings = {
				ALWAYS_SEARCH_USER_PATHS = YES;
				COPY_PHASE_STRIP = NO;
				GCC_DYNAMIC_NO_PIC = NO;
				GCC_ENABLE_OBJC_EXCEPTIONS = YES;
				HEADER_SEARCH_PATHS = (
					/usr/local/include,
					/opt/local/include,
					/opt/local/include/freetype2,
					/opt/local/include/SDL,
				);
				LIBRARY_SEARCH_PATHS = (
					"$(inherited)",
					/usr/local/lib,
					/opt/local/lib,
				);
				PRODUCT_NAME = "$(TARGET_NAME)";
				USER_HEADER_SEARCH_PATHS = "$(BUILT_PRODUCTS_DIR)/usr/local/include/**";
			};
			name = Debug;
		};
		58E2109313AE6EAF004580E9 /* Release */ = {
			isa = XCBuildConfiguration;
			buildSettings = {
				ALWAYS_SEARCH_USER_PATHS = YES;
				COPY_PHASE_STRIP = YES;
				DEBUG_INFORMATION_FORMAT = "dwarf-with-dsym";
				GCC_ENABLE_OBJC_EXCEPTIONS = YES;
				HEADER_SEARCH_PATHS = (
					/usr/local/include,
					/opt/local/include,
					/opt/local/include/freetype2,
					/opt/local/include/SDL,
				);
				LIBRARY_SEARCH_PATHS = (
					"$(inherited)",
					/usr/local/lib,
					/opt/local/lib,
				);
				PRODUCT_NAME = "$(TARGET_NAME)";
				USER_HEADER_SEARCH_PATHS = "$(BUILT_PRODUCTS_DIR)/usr/local/include/**";
			};
			name = Release;
		};
/* End XCBuildConfiguration section */

/* Begin XCConfigurationList section */
		58E2108213AE6EAF004580E9 /* Build configuration list for PBXProject "panoview" */ = {
			isa = XCConfigurationList;
			buildConfigurations = (
				58E2108F13AE6EAF004580E9 /* Debug */,
				58E2109013AE6EAF004580E9 /* Release */,
			);
			defaultConfigurationIsVisible = 0;
			defaultConfigurationName = Release;
		};
		58E2109113AE6EAF004580E9 /* Build configuration list for PBXNativeTarget "panoview" */ = {
			isa = XCConfigurationList;
			buildConfigurations = (
				58E2109213AE6EAF004580E9 /* Debug */,
				58E2109313AE6EAF004580E9 /* Release */,
			);
			defaultConfigurationIsVisible = 0;
			defaultConfigurationName = Release;
		};
/* End XCConfigurationList section */
	};
	rootObject = 58E2107F13AE6EAF004580E9 /* Project object */;
}
