// !$*UTF8*$!
{
	archiveVersion = 1;
	classes = {
	};
	objectVersion = 46;
	objects = {

/* Begin PBXBuildFile section */
		5818B95913CA22C200076A22 /* sph-render.frag in Sources */ = {isa = PBXBuildFile; fileRef = 5818B95613CA22C200076A22 /* sph-render.frag */; };
		5818B95A13CA22C200076A22 /* sph-render.vert in Sources */ = {isa = PBXBuildFile; fileRef = 5818B95713CA22C200076A22 /* sph-render.vert */; };
		5818B95B13CA22C200076A22 /* sph-zoomer.vert in Sources */ = {isa = PBXBuildFile; fileRef = 5818B95813CA22C200076A22 /* sph-zoomer.vert */; };
		5818B95D13CA312900076A22 /* sph-blend.frag in Sources */ = {isa = PBXBuildFile; fileRef = 5818B95C13CA312900076A22 /* sph-blend.frag */; };
		582D8D0313AFA2C50005A831 /* glsl.c in Sources */ = {isa = PBXBuildFile; fileRef = 582D8CFF13AFA2C50005A831 /* glsl.c */; };
		582D8D0413AFA2C50005A831 /* math3d.c in Sources */ = {isa = PBXBuildFile; fileRef = 582D8D0113AFA2C50005A831 /* math3d.c */; };
		582D8D0813AFAC730005A831 /* cube.cpp in Sources */ = {isa = PBXBuildFile; fileRef = 582D8D0613AFAC730005A831 /* cube.cpp */; };
		582D8D1213AFECB00005A831 /* glyph.c in Sources */ = {isa = PBXBuildFile; fileRef = 582D8D1013AFECB00005A831 /* glyph.c */; };
		58427C7E13AF8C5600F0A012 /* libGLEW.1.6.0.dylib in Frameworks */ = {isa = PBXBuildFile; fileRef = 58427C7D13AF8C5600F0A012 /* libGLEW.1.6.0.dylib */; settings = {ATTRIBUTES = (Required, ); }; };
		5865801913B60E7900FBBF90 /* sph-cache.cpp in Sources */ = {isa = PBXBuildFile; fileRef = 5865801313B60E7900FBBF90 /* sph-cache.cpp */; };
		5865801F13B60EBE00FBBF90 /* libtiff.3.dylib in Frameworks */ = {isa = PBXBuildFile; fileRef = 5865801E13B60EBE00FBBF90 /* libtiff.3.dylib */; };
		58DB38B213C7422600304D44 /* gui-loader.cpp in Sources */ = {isa = PBXBuildFile; fileRef = 58DB38B013C7422600304D44 /* gui-loader.cpp */; };
		58DB38B413C7445000304D44 /* libfreetype.6.dylib in Frameworks */ = {isa = PBXBuildFile; fileRef = 58DB38B313C7445000304D44 /* libfreetype.6.dylib */; };
		58E2109A13AE6EC2004580E9 /* main.cpp in Sources */ = {isa = PBXBuildFile; fileRef = 58E2109413AE6EC2004580E9 /* main.cpp */; };
		58E2109B13AE6EC2004580E9 /* panoview.cpp in Sources */ = {isa = PBXBuildFile; fileRef = 58E2109613AE6EC2004580E9 /* panoview.cpp */; };
		58E2109C13AE6EC2004580E9 /* sph-model.cpp in Sources */ = {isa = PBXBuildFile; fileRef = 58E2109813AE6EC2004580E9 /* sph-model.cpp */; };
		58E2109E13AE6F40004580E9 /* thumb.dylib in Frameworks */ = {isa = PBXBuildFile; fileRef = 58E2109D13AE6F40004580E9 /* thumb.dylib */; };
		58E210A013AE7297004580E9 /* OpenGL.framework in Frameworks */ = {isa = PBXBuildFile; fileRef = 58E2109F13AE7297004580E9 /* OpenGL.framework */; };
		58E210A413AE72E6004580E9 /* libSDL-1.2.0.dylib in Frameworks */ = {isa = PBXBuildFile; fileRef = 58E210A313AE72E6004580E9 /* libSDL-1.2.0.dylib */; };
		58E210A713AE7380004580E9 /* libSDLmain.a in Frameworks */ = {isa = PBXBuildFile; fileRef = 58E210A613AE7380004580E9 /* libSDLmain.a */; };
		58E210AB13AE73A9004580E9 /* Cocoa.framework in Frameworks */ = {isa = PBXBuildFile; fileRef = 58E210AA13AE73A9004580E9 /* Cocoa.framework */; };
/* End PBXBuildFile section */

/* Begin PBXCopyFilesBuildPhase section */
		58E2108613AE6EAF004580E9 /* CopyFiles */ = {
			isa = PBXCopyFilesBuildPhase;
			buildActionMask = 2147483647;
			dstPath = /usr/share/man/man1/;
			dstSubfolderSpec = 0;
			files = (
			);
			runOnlyForDeploymentPostprocessing = 1;
		};
/* End PBXCopyFilesBuildPhase section */

/* Begin PBXFileReference section */
		580BA34D13C7943500C77076 /* Blue-Mounds-8.xml */ = {isa = PBXFileReference; fileEncoding = 4; lastKnownFileType = text.xml; name = "Blue-Mounds-8.xml"; path = "../../proj/panoview/data/pan/Blue-Mounds-8.xml"; sourceTree = "<group>"; };
		5818B95413CA05C100076A22 /* Taliesin-Path.xml */ = {isa = PBXFileReference; fileEncoding = 4; lastKnownFileType = text.xml; name = "Taliesin-Path.xml"; path = "../../proj/panoview/data/pan/Taliesin-Path.xml"; sourceTree = "<group>"; };
		5818B95613CA22C200076A22 /* sph-render.frag */ = {isa = PBXFileReference; fileEncoding = 4; lastKnownFileType = sourcecode.glsl; name = "sph-render.frag"; path = "../../proj/panoview/data/glsl/sph-render.frag"; sourceTree = "<group>"; };
		5818B95713CA22C200076A22 /* sph-render.vert */ = {isa = PBXFileReference; fileEncoding = 4; lastKnownFileType = sourcecode.glsl; name = "sph-render.vert"; path = "../../proj/panoview/data/glsl/sph-render.vert"; sourceTree = "<group>"; };
		5818B95813CA22C200076A22 /* sph-zoomer.vert */ = {isa = PBXFileReference; fileEncoding = 4; lastKnownFileType = sourcecode.glsl; name = "sph-zoomer.vert"; path = "../../proj/panoview/data/glsl/sph-zoomer.vert"; sourceTree = "<group>"; };
		5818B95C13CA312900076A22 /* sph-blend.frag */ = {isa = PBXFileReference; fileEncoding = 4; lastKnownFileType = sourcecode.glsl; name = "sph-blend.frag"; path = "../../proj/panoview/data/glsl/sph-blend.frag"; sourceTree = "<group>"; };
		582D8CFF13AFA2C50005A831 /* glsl.c */ = {isa = PBXFileReference; fileEncoding = 4; lastKnownFileType = sourcecode.c.c; name = glsl.c; path = ../../../proj/panoview/glsl.c; sourceTree = "<group>"; };
		582D8D0013AFA2C50005A831 /* glsl.h */ = {isa = PBXFileReference; fileEncoding = 4; lastKnownFileType = sourcecode.c.h; name = glsl.h; path = ../../../proj/panoview/glsl.h; sourceTree = "<group>"; };
		582D8D0113AFA2C50005A831 /* math3d.c */ = {isa = PBXFileReference; fileEncoding = 4; lastKnownFileType = sourcecode.c.c; name = math3d.c; path = ../../../proj/panoview/math3d.c; sourceTree = "<group>"; };
		582D8D0213AFA2C50005A831 /* math3d.h */ = {isa = PBXFileReference; fileEncoding = 4; lastKnownFileType = sourcecode.c.h; name = math3d.h; path = ../../../proj/panoview/math3d.h; sourceTree = "<group>"; };
		582D8D0613AFAC730005A831 /* cube.cpp */ = {isa = PBXFileReference; fileEncoding = 4; lastKnownFileType = sourcecode.cpp.cpp; name = cube.cpp; path = ../../../proj/panoview/cube.cpp; sourceTree = "<group>"; };
		582D8D0713AFAC730005A831 /* cube.hpp */ = {isa = PBXFileReference; fileEncoding = 4; lastKnownFileType = sourcecode.cpp.h; name = cube.hpp; path = ../../../proj/panoview/cube.hpp; sourceTree = "<group>"; };
		582D8D1013AFECB00005A831 /* glyph.c */ = {isa = PBXFileReference; fileEncoding = 4; lastKnownFileType = sourcecode.c.c; name = glyph.c; path = ../../../proj/panoview/glyph.c; sourceTree = "<group>"; };
		582D8D1113AFECB00005A831 /* glyph.h */ = {isa = PBXFileReference; fileEncoding = 4; lastKnownFileType = sourcecode.c.h; name = glyph.h; path = ../../../proj/panoview/glyph.h; sourceTree = "<group>"; };
		58427C7D13AF8C5600F0A012 /* libGLEW.1.6.0.dylib */ = {isa = PBXFileReference; lastKnownFileType = "compiled.mach-o.dylib"; name = libGLEW.1.6.0.dylib; path = /opt/local/lib/libGLEW.1.6.0.dylib; sourceTree = "<absolute>"; };
		5865801313B60E7900FBBF90 /* sph-cache.cpp */ = {isa = PBXFileReference; fileEncoding = 4; lastKnownFileType = sourcecode.cpp.cpp; name = "sph-cache.cpp"; path = "../../../proj/panoview/sph-cache.cpp"; sourceTree = "<group>"; };
		5865801413B60E7900FBBF90 /* sph-cache.hpp */ = {isa = PBXFileReference; fileEncoding = 4; lastKnownFileType = sourcecode.cpp.h; name = "sph-cache.hpp"; path = "../../../proj/panoview/sph-cache.hpp"; sourceTree = "<group>"; };
		5865801E13B60EBE00FBBF90 /* libtiff.3.dylib */ = {isa = PBXFileReference; lastKnownFileType = "compiled.mach-o.dylib"; name = libtiff.3.dylib; path = /opt/local/lib/libtiff.3.dylib; sourceTree = "<absolute>"; };
		5865802C13B628F100FBBF90 /* queue.hpp */ = {isa = PBXFileReference; fileEncoding = 4; lastKnownFileType = sourcecode.cpp.h; name = queue.hpp; path = ../../../proj/panoview/queue.hpp; sourceTree = "<group>"; };
		58A1E06B13CB8A4800D0A598 /* Blue-Mounds-8-Mono.xml */ = {isa = PBXFileReference; fileEncoding = 4; lastKnownFileType = text.xml; name = "Blue-Mounds-8-Mono.xml"; path = "../../proj/panoview/data/pan/Blue-Mounds-8-Mono.xml"; sourceTree = "<group>"; };
		58DB38B013C7422600304D44 /* gui-loader.cpp */ = {isa = PBXFileReference; fileEncoding = 4; lastKnownFileType = sourcecode.cpp.cpp; name = "gui-loader.cpp"; path = "../../../proj/panoview/gui-loader.cpp"; sourceTree = "<group>"; };
		58DB38B113C7422600304D44 /* gui-loader.hpp */ = {isa = PBXFileReference; fileEncoding = 4; lastKnownFileType = sourcecode.cpp.h; name = "gui-loader.hpp"; path = "../../../proj/panoview/gui-loader.hpp"; sourceTree = "<group>"; };
		58DB38B313C7445000304D44 /* libfreetype.6.dylib */ = {isa = PBXFileReference; lastKnownFileType = "compiled.mach-o.dylib"; name = libfreetype.6.dylib; path = /opt/local/lib/libfreetype.6.dylib; sourceTree = "<absolute>"; };
		58DB38C313C8F5D300304D44 /* Taliesin-Garden-13.xml */ = {isa = PBXFileReference; fileEncoding = 4; lastKnownFileType = text.xml; name = "Taliesin-Garden-13.xml"; path = "../../proj/panoview/data/pan/Taliesin-Garden-13.xml"; sourceTree = "<group>"; };
		58E2108813AE6EAF004580E9 /* panoview */ = {isa = PBXFileReference; explicitFileType = "compiled.mach-o.executable"; includeInIndex = 0; path = panoview; sourceTree = BUILT_PRODUCTS_DIR; };
		58E2109413AE6EC2004580E9 /* main.cpp */ = {isa = PBXFileReference; fileEncoding = 4; lastKnownFileType = sourcecode.cpp.cpp; name = main.cpp; path = ../../../proj/panoview/main.cpp; sourceTree = "<group>"; };
		58E2109513AE6EC2004580E9 /* main.hpp */ = {isa = PBXFileReference; fileEncoding = 4; lastKnownFileType = sourcecode.cpp.h; name = main.hpp; path = ../../../proj/panoview/main.hpp; sourceTree = "<group>"; };
		58E2109613AE6EC2004580E9 /* panoview.cpp */ = {isa = PBXFileReference; fileEncoding = 4; lastKnownFileType = sourcecode.cpp.cpp; name = panoview.cpp; path = ../../../proj/panoview/panoview.cpp; sourceTree = "<group>"; };
		58E2109713AE6EC2004580E9 /* panoview.hpp */ = {isa = PBXFileReference; fileEncoding = 4; lastKnownFileType = sourcecode.cpp.h; name = panoview.hpp; path = ../../../proj/panoview/panoview.hpp; sourceTree = "<group>"; };
		58E2109813AE6EC2004580E9 /* sph-model.cpp */ = {isa = PBXFileReference; fileEncoding = 4; lastKnownFileType = sourcecode.cpp.cpp; name = "sph-model.cpp"; path = "../../../proj/panoview/sph-model.cpp"; sourceTree = "<group>"; };
		58E2109913AE6EC2004580E9 /* sph-model.hpp */ = {isa = PBXFileReference; fileEncoding = 4; lastKnownFileType = sourcecode.cpp.h; name = "sph-model.hpp"; path = "../../../proj/panoview/sph-model.hpp"; sourceTree = "<group>"; };
		58E2109D13AE6F40004580E9 /* thumb.dylib */ = {isa = PBXFileReference; explicitFileType = "compiled.mach-o.dylib"; path = thumb.dylib; sourceTree = BUILT_PRODUCTS_DIR; };
		58E2109F13AE7297004580E9 /* OpenGL.framework */ = {isa = PBXFileReference; lastKnownFileType = wrapper.framework; name = OpenGL.framework; path = System/Library/Frameworks/OpenGL.framework; sourceTree = SDKROOT; };
		58E210A313AE72E6004580E9 /* libSDL-1.2.0.dylib */ = {isa = PBXFileReference; lastKnownFileType = "compiled.mach-o.dylib"; name = "libSDL-1.2.0.dylib"; path = "/opt/local/lib/libSDL-1.2.0.dylib"; sourceTree = "<absolute>"; };
		58E210A613AE7380004580E9 /* libSDLmain.a */ = {isa = PBXFileReference; lastKnownFileType = archive.ar; name = libSDLmain.a; path = /opt/local/lib/libSDLmain.a; sourceTree = "<absolute>"; };
		58E210A813AE7393004580E9 /* ApplicationServices.framework */ = {isa = PBXFileReference; lastKnownFileType = wrapper.framework; name = ApplicationServices.framework; path = System/Library/Frameworks/ApplicationServices.framework; sourceTree = SDKROOT; };
		58E210AA13AE73A9004580E9 /* Cocoa.framework */ = {isa = PBXFileReference; lastKnownFileType = wrapper.framework; name = Cocoa.framework; path = System/Library/Frameworks/Cocoa.framework; sourceTree = SDKROOT; };
/* End PBXFileReference section */

/* Begin PBXFrameworksBuildPhase section */
		58E2108513AE6EAF004580E9 /* Frameworks */ = {
			isa = PBXFrameworksBuildPhase;
			buildActionMask = 2147483647;
			files = (
				5865801F13B60EBE00FBBF90 /* libtiff.3.dylib in Frameworks */,
				58427C7E13AF8C5600F0A012 /* libGLEW.1.6.0.dylib in Frameworks */,
				58E2109E13AE6F40004580E9 /* thumb.dylib in Frameworks */,
				58DB38B413C7445000304D44 /* libfreetype.6.dylib in Frameworks */,
				58E210A713AE7380004580E9 /* libSDLmain.a in Frameworks */,
				58E210A413AE72E6004580E9 /* libSDL-1.2.0.dylib in Frameworks */,
				58E210A013AE7297004580E9 /* OpenGL.framework in Frameworks */,
				58E210AB13AE73A9004580E9 /* Cocoa.framework in Frameworks */,
			);
			runOnlyForDeploymentPostprocessing = 0;
		};
/* End PBXFrameworksBuildPhase section */

/* Begin PBXGroup section */
		580BA34B13C78CFB00C77076 /* Data */ = {
			isa = PBXGroup;
			children = (
				58A1E06B13CB8A4800D0A598 /* Blue-Mounds-8-Mono.xml */,
				5818B95C13CA312900076A22 /* sph-blend.frag */,
				5818B95613CA22C200076A22 /* sph-render.frag */,
				5818B95713CA22C200076A22 /* sph-render.vert */,
				5818B95813CA22C200076A22 /* sph-zoomer.vert */,
				5818B95413CA05C100076A22 /* Taliesin-Path.xml */,
				58DB38C313C8F5D300304D44 /* Taliesin-Garden-13.xml */,
				580BA34D13C7943500C77076 /* Blue-Mounds-8.xml */,
			);
			name = Data;
			sourceTree = "<group>";
		};
		58E2107D13AE6EAF004580E9 = {
			isa = PBXGroup;
			children = (
				58E210A513AE730A004580E9 /* Dependencies */,
				580BA34B13C78CFB00C77076 /* Data */,
				58E2108B13AE6EAF004580E9 /* panoview */,
				58E2108913AE6EAF004580E9 /* Products */,
			);
			sourceTree = "<group>";
		};
		58E2108913AE6EAF004580E9 /* Products */ = {
			isa = PBXGroup;
			children = (
				58E2108813AE6EAF004580E9 /* panoview */,
			);
			name = Products;
			sourceTree = "<group>";
		};
		58E2108B13AE6EAF004580E9 /* panoview */ = {
			isa = PBXGroup;
			children = (
				5865801313B60E7900FBBF90 /* sph-cache.cpp */,
				5865801413B60E7900FBBF90 /* sph-cache.hpp */,
				58E2109813AE6EC2004580E9 /* sph-model.cpp */,
				58E2109913AE6EC2004580E9 /* sph-model.hpp */,
				58DB38B013C7422600304D44 /* gui-loader.cpp */,
				58DB38B113C7422600304D44 /* gui-loader.hpp */,
				5865802C13B628F100FBBF90 /* queue.hpp */,
				582D8D0613AFAC730005A831 /* cube.cpp */,
				582D8D0713AFAC730005A831 /* cube.hpp */,
				582D8D1013AFECB00005A831 /* glyph.c */,
				582D8D1113AFECB00005A831 /* glyph.h */,
				582D8D0113AFA2C50005A831 /* math3d.c */,
				582D8D0213AFA2C50005A831 /* math3d.h */,
				582D8CFF13AFA2C50005A831 /* glsl.c */,
				582D8D0013AFA2C50005A831 /* glsl.h */,
				58E2109613AE6EC2004580E9 /* panoview.cpp */,
				58E2109713AE6EC2004580E9 /* panoview.hpp */,
				58E2109413AE6EC2004580E9 /* main.cpp */,
				58E2109513AE6EC2004580E9 /* main.hpp */,
			);
			path = panoview;
			sourceTree = "<group>";
		};
		58E210A513AE730A004580E9 /* Dependencies */ = {
			isa = PBXGroup;
			children = (
				5865801E13B60EBE00FBBF90 /* libtiff.3.dylib */,
				58E2109D13AE6F40004580E9 /* thumb.dylib */,
				58DB38B313C7445000304D44 /* libfreetype.6.dylib */,
				58E210A613AE7380004580E9 /* libSDLmain.a */,
				58E210A313AE72E6004580E9 /* libSDL-1.2.0.dylib */,
				58427C7D13AF8C5600F0A012 /* libGLEW.1.6.0.dylib */,
				58E2109F13AE7297004580E9 /* OpenGL.framework */,
				58E210AA13AE73A9004580E9 /* Cocoa.framework */,
				58E210A813AE7393004580E9 /* ApplicationServices.framework */,
			);
			name = Dependencies;
			sourceTree = "<group>";
		};
/* End PBXGroup section */

/* Begin PBXNativeTarget section */
		58E2108713AE6EAF004580E9 /* panoview */ = {
			isa = PBXNativeTarget;
			buildConfigurationList = 58E2109113AE6EAF004580E9 /* Build configuration list for PBXNativeTarget "panoview" */;
			buildPhases = (
				58E2108413AE6EAF004580E9 /* Sources */,
				58E2108513AE6EAF004580E9 /* Frameworks */,
				58E2108613AE6EAF004580E9 /* CopyFiles */,
			);
			buildRules = (
			);
			dependencies = (
			);
			name = panoview;
			productName = panoview;
			productReference = 58E2108813AE6EAF004580E9 /* panoview */;
			productType = "com.apple.product-type.tool";
		};
/* End PBXNativeTarget section */

/* Begin PBXProject section */
		58E2107F13AE6EAF004580E9 /* Project object */ = {
			isa = PBXProject;
			attributes = {
				ORGANIZATIONNAME = "Louisiana State University";
			};
			buildConfigurationList = 58E2108213AE6EAF004580E9 /* Build configuration list for PBXProject "panoview" */;
			compatibilityVersion = "Xcode 3.2";
			developmentRegion = English;
			hasScannedForEncodings = 0;
			knownRegions = (
				en,
			);
			mainGroup = 58E2107D13AE6EAF004580E9;
			productRefGroup = 58E2108913AE6EAF004580E9 /* Products */;
			projectDirPath = "";
			projectRoot = "";
			targets = (
				58E2108713AE6EAF004580E9 /* panoview */,
			);
		};
/* End PBXProject section */

/* Begin PBXSourcesBuildPhase section */
		58E2108413AE6EAF004580E9 /* Sources */ = {
			isa = PBXSourcesBuildPhase;
			buildActionMask = 2147483647;
			files = (
				58E2109A13AE6EC2004580E9 /* main.cpp in Sources */,
				58E2109B13AE6EC2004580E9 /* panoview.cpp in Sources */,
				58E2109C13AE6EC2004580E9 /* sph-model.cpp in Sources */,
				582D8D0313AFA2C50005A831 /* glsl.c in Sources */,
				582D8D0413AFA2C50005A831 /* math3d.c in Sources */,
				582D8D0813AFAC730005A831 /* cube.cpp in Sources */,
				582D8D1213AFECB00005A831 /* glyph.c in Sources */,
				5865801913B60E7900FBBF90 /* sph-cache.cpp in Sources */,
				58DB38B213C7422600304D44 /* gui-loader.cpp in Sources */,
				5818B95913CA22C200076A22 /* sph-render.frag in Sources */,
				5818B95A13CA22C200076A22 /* sph-render.vert in Sources */,
				5818B95B13CA22C200076A22 /* sph-zoomer.vert in Sources */,
				5818B95D13CA312900076A22 /* sph-blend.frag in Sources */,
			);
			runOnlyForDeploymentPostprocessing = 0;
		};
/* End PBXSourcesBuildPhase section */

/* Begin XCBuildConfiguration section */
		58E2108F13AE6EAF004580E9 /* Debug */ = {
			isa = XCBuildConfiguration;
			buildSettings = {
				ARCHS = "$(ARCHS_STANDARD_32_64_BIT)";
				GCC_C_LANGUAGE_STANDARD = gnu99;
				GCC_OPTIMIZATION_LEVEL = 0;
				GCC_PREPROCESSOR_DEFINITIONS = DEBUG;
				GCC_SYMBOLS_PRIVATE_EXTERN = NO;
				GCC_VERSION = com.apple.compilers.llvm.clang.1_0;
				GCC_WARN_64_TO_32_BIT_CONVERSION = YES;
				GCC_WARN_ABOUT_RETURN_TYPE = YES;
				GCC_WARN_UNUSED_VARIABLE = YES;
				MACOSX_DEPLOYMENT_TARGET = 10.6;
				ONLY_ACTIVE_ARCH = YES;
				SDKROOT = macosx;
			};
			name = Debug;
		};
		58E2109013AE6EAF004580E9 /* Release */ = {
			isa = XCBuildConfiguration;
			buildSettings = {
				ARCHS = "$(ARCHS_STANDARD_32_64_BIT)";
				GCC_C_LANGUAGE_STANDARD = gnu99;
				GCC_VERSION = com.apple.compilers.llvm.clang.1_0;
				GCC_WARN_64_TO_32_BIT_CONVERSION = YES;
				GCC_WARN_ABOUT_RETURN_TYPE = YES;
				GCC_WARN_UNUSED_VARIABLE = YES;
				MACOSX_DEPLOYMENT_TARGET = 10.6;
				SDKROOT = macosx;
			};
			name = Release;
		};
		58E2109213AE6EAF004580E9 /* Debug */ = {
			isa = XCBuildConfiguration;
			buildSettings = {
				ALWAYS_SEARCH_USER_PATHS = YES;
				COPY_PHASE_STRIP = NO;
				GCC_DYNAMIC_NO_PIC = NO;
				GCC_ENABLE_OBJC_EXCEPTIONS = YES;
				HEADER_SEARCH_PATHS = (
					/opt/local/include,
					/opt/local/include/freetype2,
					/opt/local/include/SDL,
				);
				LIBRARY_SEARCH_PATHS = (
					"$(inherited)",
					/opt/local/lib,
				);
				PRODUCT_NAME = "$(TARGET_NAME)";
				USER_HEADER_SEARCH_PATHS = "$(BUILT_PRODUCTS_DIR)/usr/local/include/**";
			};
			name = Debug;
		};
		58E2109313AE6EAF004580E9 /* Release */ = {
			isa = XCBuildConfiguration;
			buildSettings = {
				ALWAYS_SEARCH_USER_PATHS = YES;
				COPY_PHASE_STRIP = YES;
				DEBUG_INFORMATION_FORMAT = "dwarf-with-dsym";
				GCC_ENABLE_OBJC_EXCEPTIONS = YES;
				HEADER_SEARCH_PATHS = (
					/opt/local/include,
					/opt/local/include/freetype2,
					/opt/local/include/SDL,
				);
				LIBRARY_SEARCH_PATHS = (
					"$(inherited)",
					/opt/local/lib,
				);
				PRODUCT_NAME = "$(TARGET_NAME)";
				USER_HEADER_SEARCH_PATHS = "$(BUILT_PRODUCTS_DIR)/usr/local/include/**";
			};
			name = Release;
		};
/* End XCBuildConfiguration section */

/* Begin XCConfigurationList section */
		58E2108213AE6EAF004580E9 /* Build configuration list for PBXProject "panoview" */ = {
			isa = XCConfigurationList;
			buildConfigurations = (
				58E2108F13AE6EAF004580E9 /* Debug */,
				58E2109013AE6EAF004580E9 /* Release */,
			);
			defaultConfigurationIsVisible = 0;
			defaultConfigurationName = Release;
		};
		58E2109113AE6EAF004580E9 /* Build configuration list for PBXNativeTarget "panoview" */ = {
			isa = XCConfigurationList;
			buildConfigurations = (
				58E2109213AE6EAF004580E9 /* Debug */,
				58E2109313AE6EAF004580E9 /* Release */,
			);
			defaultConfigurationIsVisible = 0;
			defaultConfigurationName = Release;
		};
/* End XCConfigurationList section */
	};
	rootObject = 58E2107F13AE6EAF004580E9 /* Project object */;
}
